// !$*UTF8*$!
{
	archiveVersion = 1;
	classes = {
	};
	objectVersion = 51;
	objects = {

/* Begin PBXBuildFile section */
		4C75E90D255C6B8B00A2D965 /* AppDelegate.swift in Sources */ = {isa = PBXBuildFile; fileRef = 4C75E90C255C6B8B00A2D965 /* AppDelegate.swift */; };
		4C75E90F255C6B8B00A2D965 /* SceneDelegate.swift in Sources */ = {isa = PBXBuildFile; fileRef = 4C75E90E255C6B8B00A2D965 /* SceneDelegate.swift */; };
		4C75E911255C6B8B00A2D965 /* ViewController.swift in Sources */ = {isa = PBXBuildFile; fileRef = 4C75E910255C6B8B00A2D965 /* ViewController.swift */; };
		4C75E914255C6B8B00A2D965 /* Main.storyboard in Resources */ = {isa = PBXBuildFile; fileRef = 4C75E912255C6B8B00A2D965 /* Main.storyboard */; };
		4C75E916255C6B8E00A2D965 /* Assets.xcassets in Resources */ = {isa = PBXBuildFile; fileRef = 4C75E915255C6B8E00A2D965 /* Assets.xcassets */; };
		4C75E919255C6B8E00A2D965 /* LaunchScreen.storyboard in Resources */ = {isa = PBXBuildFile; fileRef = 4C75E917255C6B8E00A2D965 /* LaunchScreen.storyboard */; };
		4C75E924255C6B8E00A2D965 /* _1_11_conversordemoedasTests.swift in Sources */ = {isa = PBXBuildFile; fileRef = 4C75E923255C6B8E00A2D965 /* _1_11_conversordemoedasTests.swift */; };
		4C75E92F255C6B8E00A2D965 /* _1_11_conversordemoedasUITests.swift in Sources */ = {isa = PBXBuildFile; fileRef = 4C75E92E255C6B8E00A2D965 /* _1_11_conversordemoedasUITests.swift */; };
		4C776139255C6FDA00F99A0D /* ConverteMoeda.swift in Sources */ = {isa = PBXBuildFile; fileRef = 4C776138255C6FDA00F99A0D /* ConverteMoeda.swift */; };
		C6F8A069FD8DAEA72B07DF0F /* Pods_11_11_conversordemoedasTests.framework in Frameworks */ = {isa = PBXBuildFile; fileRef = 87DD4209CEFFCC7D32628177 /* Pods_11_11_conversordemoedasTests.framework */; };
		D0AC84B7AA42E047B6FF70A1 /* Pods_11_11_conversordemoedas_11_11_conversordemoedasUITests.framework in Frameworks */ = {isa = PBXBuildFile; fileRef = FB4C7D08754EF9183DE676AA /* Pods_11_11_conversordemoedas_11_11_conversordemoedasUITests.framework */; };
		F738E2B974E66F7FC90CF89B /* Pods_11_11_conversordemoedas.framework in Frameworks */ = {isa = PBXBuildFile; fileRef = 474C4EF9DCCC624838ADD6E2 /* Pods_11_11_conversordemoedas.framework */; };
/* End PBXBuildFile section */

/* Begin PBXContainerItemProxy section */
		4C75E920255C6B8E00A2D965 /* PBXContainerItemProxy */ = {
			isa = PBXContainerItemProxy;
			containerPortal = 4C75E901255C6B8B00A2D965 /* Project object */;
			proxyType = 1;
			remoteGlobalIDString = 4C75E908255C6B8B00A2D965;
			remoteInfo = 11_11_conversordemoedas;
		};
		4C75E92B255C6B8E00A2D965 /* PBXContainerItemProxy */ = {
			isa = PBXContainerItemProxy;
			containerPortal = 4C75E901255C6B8B00A2D965 /* Project object */;
			proxyType = 1;
			remoteGlobalIDString = 4C75E908255C6B8B00A2D965;
			remoteInfo = 11_11_conversordemoedas;
		};
/* End PBXContainerItemProxy section */

/* Begin PBXFileReference section */
		0F3DF5E9E53952CBD9C597F7 /* Pods-11_11_conversordemoedasTests.release.xcconfig */ = {isa = PBXFileReference; includeInIndex = 1; lastKnownFileType = text.xcconfig; name = "Pods-11_11_conversordemoedasTests.release.xcconfig"; path = "Target Support Files/Pods-11_11_conversordemoedasTests/Pods-11_11_conversordemoedasTests.release.xcconfig"; sourceTree = "<group>"; };
		474C4EF9DCCC624838ADD6E2 /* Pods_11_11_conversordemoedas.framework */ = {isa = PBXFileReference; explicitFileType = wrapper.framework; includeInIndex = 0; path = Pods_11_11_conversordemoedas.framework; sourceTree = BUILT_PRODUCTS_DIR; };
		4C75E909255C6B8B00A2D965 /* 11_11_conversordemoedas.app */ = {isa = PBXFileReference; explicitFileType = wrapper.application; includeInIndex = 0; path = 11_11_conversordemoedas.app; sourceTree = BUILT_PRODUCTS_DIR; };
		4C75E90C255C6B8B00A2D965 /* AppDelegate.swift */ = {isa = PBXFileReference; lastKnownFileType = sourcecode.swift; path = AppDelegate.swift; sourceTree = "<group>"; };
		4C75E90E255C6B8B00A2D965 /* SceneDelegate.swift */ = {isa = PBXFileReference; lastKnownFileType = sourcecode.swift; path = SceneDelegate.swift; sourceTree = "<group>"; };
		4C75E910255C6B8B00A2D965 /* ViewController.swift */ = {isa = PBXFileReference; lastKnownFileType = sourcecode.swift; path = ViewController.swift; sourceTree = "<group>"; };
		4C75E913255C6B8B00A2D965 /* Base */ = {isa = PBXFileReference; lastKnownFileType = file.storyboard; name = Base; path = Base.lproj/Main.storyboard; sourceTree = "<group>"; };
		4C75E915255C6B8E00A2D965 /* Assets.xcassets */ = {isa = PBXFileReference; lastKnownFileType = folder.assetcatalog; path = Assets.xcassets; sourceTree = "<group>"; };
		4C75E918255C6B8E00A2D965 /* Base */ = {isa = PBXFileReference; lastKnownFileType = file.storyboard; name = Base; path = Base.lproj/LaunchScreen.storyboard; sourceTree = "<group>"; };
		4C75E91A255C6B8E00A2D965 /* Info.plist */ = {isa = PBXFileReference; lastKnownFileType = text.plist.xml; path = Info.plist; sourceTree = "<group>"; };
		4C75E91F255C6B8E00A2D965 /* 11_11_conversordemoedasTests.xctest */ = {isa = PBXFileReference; explicitFileType = wrapper.cfbundle; includeInIndex = 0; path = 11_11_conversordemoedasTests.xctest; sourceTree = BUILT_PRODUCTS_DIR; };
		4C75E923255C6B8E00A2D965 /* _1_11_conversordemoedasTests.swift */ = {isa = PBXFileReference; lastKnownFileType = sourcecode.swift; path = _1_11_conversordemoedasTests.swift; sourceTree = "<group>"; };
		4C75E925255C6B8E00A2D965 /* Info.plist */ = {isa = PBXFileReference; lastKnownFileType = text.plist.xml; path = Info.plist; sourceTree = "<group>"; };
		4C75E92A255C6B8E00A2D965 /* 11_11_conversordemoedasUITests.xctest */ = {isa = PBXFileReference; explicitFileType = wrapper.cfbundle; includeInIndex = 0; path = 11_11_conversordemoedasUITests.xctest; sourceTree = BUILT_PRODUCTS_DIR; };
		4C75E92E255C6B8E00A2D965 /* _1_11_conversordemoedasUITests.swift */ = {isa = PBXFileReference; lastKnownFileType = sourcecode.swift; path = _1_11_conversordemoedasUITests.swift; sourceTree = "<group>"; };
		4C75E930255C6B8E00A2D965 /* Info.plist */ = {isa = PBXFileReference; lastKnownFileType = text.plist.xml; path = Info.plist; sourceTree = "<group>"; };
		4C776138255C6FDA00F99A0D /* ConverteMoeda.swift */ = {isa = PBXFileReference; lastKnownFileType = sourcecode.swift; path = ConverteMoeda.swift; sourceTree = "<group>"; };
		68BDE1EED4D8F4F24D0389DB /* Pods-11_11_conversordemoedas.debug.xcconfig */ = {isa = PBXFileReference; includeInIndex = 1; lastKnownFileType = text.xcconfig; name = "Pods-11_11_conversordemoedas.debug.xcconfig"; path = "Target Support Files/Pods-11_11_conversordemoedas/Pods-11_11_conversordemoedas.debug.xcconfig"; sourceTree = "<group>"; };
		7D3538B87E09A0A91C265714 /* Pods-11_11_conversordemoedas-11_11_conversordemoedasUITests.debug.xcconfig */ = {isa = PBXFileReference; includeInIndex = 1; lastKnownFileType = text.xcconfig; name = "Pods-11_11_conversordemoedas-11_11_conversordemoedasUITests.debug.xcconfig"; path = "Target Support Files/Pods-11_11_conversordemoedas-11_11_conversordemoedasUITests/Pods-11_11_conversordemoedas-11_11_conversordemoedasUITests.debug.xcconfig"; sourceTree = "<group>"; };
		87DD4209CEFFCC7D32628177 /* Pods_11_11_conversordemoedasTests.framework */ = {isa = PBXFileReference; explicitFileType = wrapper.framework; includeInIndex = 0; path = Pods_11_11_conversordemoedasTests.framework; sourceTree = BUILT_PRODUCTS_DIR; };
		8F96C398A1CEADEEADDC35D6 /* Pods-11_11_conversordemoedas.release.xcconfig */ = {isa = PBXFileReference; includeInIndex = 1; lastKnownFileType = text.xcconfig; name = "Pods-11_11_conversordemoedas.release.xcconfig"; path = "Target Support Files/Pods-11_11_conversordemoedas/Pods-11_11_conversordemoedas.release.xcconfig"; sourceTree = "<group>"; };
		C4BB1F06C2EB272A949DD077 /* Pods-11_11_conversordemoedas-11_11_conversordemoedasUITests.release.xcconfig */ = {isa = PBXFileReference; includeInIndex = 1; lastKnownFileType = text.xcconfig; name = "Pods-11_11_conversordemoedas-11_11_conversordemoedasUITests.release.xcconfig"; path = "Target Support Files/Pods-11_11_conversordemoedas-11_11_conversordemoedasUITests/Pods-11_11_conversordemoedas-11_11_conversordemoedasUITests.release.xcconfig"; sourceTree = "<group>"; };
		CD940AA52670097440080471 /* Pods-11_11_conversordemoedasTests.debug.xcconfig */ = {isa = PBXFileReference; includeInIndex = 1; lastKnownFileType = text.xcconfig; name = "Pods-11_11_conversordemoedasTests.debug.xcconfig"; path = "Target Support Files/Pods-11_11_conversordemoedasTests/Pods-11_11_conversordemoedasTests.debug.xcconfig"; sourceTree = "<group>"; };
		FB4C7D08754EF9183DE676AA /* Pods_11_11_conversordemoedas_11_11_conversordemoedasUITests.framework */ = {isa = PBXFileReference; explicitFileType = wrapper.framework; includeInIndex = 0; path = Pods_11_11_conversordemoedas_11_11_conversordemoedasUITests.framework; sourceTree = BUILT_PRODUCTS_DIR; };
/* End PBXFileReference section */

/* Begin PBXFrameworksBuildPhase section */
		4C75E906255C6B8B00A2D965 /* Frameworks */ = {
			isa = PBXFrameworksBuildPhase;
			buildActionMask = 2147483647;
			files = (
				F738E2B974E66F7FC90CF89B /* Pods_11_11_conversordemoedas.framework in Frameworks */,
			);
			runOnlyForDeploymentPostprocessing = 0;
		};
		4C75E91C255C6B8E00A2D965 /* Frameworks */ = {
			isa = PBXFrameworksBuildPhase;
			buildActionMask = 2147483647;
			files = (
				C6F8A069FD8DAEA72B07DF0F /* Pods_11_11_conversordemoedasTests.framework in Frameworks */,
			);
			runOnlyForDeploymentPostprocessing = 0;
		};
		4C75E927255C6B8E00A2D965 /* Frameworks */ = {
			isa = PBXFrameworksBuildPhase;
			buildActionMask = 2147483647;
			files = (
				D0AC84B7AA42E047B6FF70A1 /* Pods_11_11_conversordemoedas_11_11_conversordemoedasUITests.framework in Frameworks */,
			);
			runOnlyForDeploymentPostprocessing = 0;
		};
/* End PBXFrameworksBuildPhase section */

/* Begin PBXGroup section */
		0C459738C0DA197F2C229A66 /* Frameworks */ = {
			isa = PBXGroup;
			children = (
				474C4EF9DCCC624838ADD6E2 /* Pods_11_11_conversordemoedas.framework */,
				FB4C7D08754EF9183DE676AA /* Pods_11_11_conversordemoedas_11_11_conversordemoedasUITests.framework */,
				87DD4209CEFFCC7D32628177 /* Pods_11_11_conversordemoedasTests.framework */,
			);
			name = Frameworks;
			sourceTree = "<group>";
		};
		21D05FA4F90769D1622A7713 /* Pods */ = {
			isa = PBXGroup;
			children = (
				68BDE1EED4D8F4F24D0389DB /* Pods-11_11_conversordemoedas.debug.xcconfig */,
				8F96C398A1CEADEEADDC35D6 /* Pods-11_11_conversordemoedas.release.xcconfig */,
				7D3538B87E09A0A91C265714 /* Pods-11_11_conversordemoedas-11_11_conversordemoedasUITests.debug.xcconfig */,
				C4BB1F06C2EB272A949DD077 /* Pods-11_11_conversordemoedas-11_11_conversordemoedasUITests.release.xcconfig */,
				CD940AA52670097440080471 /* Pods-11_11_conversordemoedasTests.debug.xcconfig */,
				0F3DF5E9E53952CBD9C597F7 /* Pods-11_11_conversordemoedasTests.release.xcconfig */,
			);
			path = Pods;
			sourceTree = "<group>";
		};
		4C75E900255C6B8B00A2D965 = {
			isa = PBXGroup;
			children = (
				4C75E90B255C6B8B00A2D965 /* 11_11_conversordemoedas */,
				4C75E922255C6B8E00A2D965 /* 11_11_conversordemoedasTests */,
				4C75E92D255C6B8E00A2D965 /* 11_11_conversordemoedasUITests */,
				4C75E90A255C6B8B00A2D965 /* Products */,
				21D05FA4F90769D1622A7713 /* Pods */,
				0C459738C0DA197F2C229A66 /* Frameworks */,
			);
			sourceTree = "<group>";
		};
		4C75E90A255C6B8B00A2D965 /* Products */ = {
			isa = PBXGroup;
			children = (
				4C75E909255C6B8B00A2D965 /* 11_11_conversordemoedas.app */,
				4C75E91F255C6B8E00A2D965 /* 11_11_conversordemoedasTests.xctest */,
				4C75E92A255C6B8E00A2D965 /* 11_11_conversordemoedasUITests.xctest */,
			);
			name = Products;
			sourceTree = "<group>";
		};
		4C75E90B255C6B8B00A2D965 /* 11_11_conversordemoedas */ = {
			isa = PBXGroup;
			children = (
				4C75E90C255C6B8B00A2D965 /* AppDelegate.swift */,
				4C75E90E255C6B8B00A2D965 /* SceneDelegate.swift */,
				4C776138255C6FDA00F99A0D /* ConverteMoeda.swift */,
				4C75E910255C6B8B00A2D965 /* ViewController.swift */,
				4C75E912255C6B8B00A2D965 /* Main.storyboard */,
				4C75E915255C6B8E00A2D965 /* Assets.xcassets */,
				4C75E917255C6B8E00A2D965 /* LaunchScreen.storyboard */,
				4C75E91A255C6B8E00A2D965 /* Info.plist */,
			);
			path = 11_11_conversordemoedas;
			sourceTree = "<group>";
		};
		4C75E922255C6B8E00A2D965 /* 11_11_conversordemoedasTests */ = {
			isa = PBXGroup;
			children = (
				4C75E923255C6B8E00A2D965 /* _1_11_conversordemoedasTests.swift */,
				4C75E925255C6B8E00A2D965 /* Info.plist */,
			);
			path = 11_11_conversordemoedasTests;
			sourceTree = "<group>";
		};
		4C75E92D255C6B8E00A2D965 /* 11_11_conversordemoedasUITests */ = {
			isa = PBXGroup;
			children = (
				4C75E92E255C6B8E00A2D965 /* _1_11_conversordemoedasUITests.swift */,
				4C75E930255C6B8E00A2D965 /* Info.plist */,
			);
			path = 11_11_conversordemoedasUITests;
			sourceTree = "<group>";
		};
/* End PBXGroup section */

/* Begin PBXNativeTarget section */
		4C75E908255C6B8B00A2D965 /* 11_11_conversordemoedas */ = {
			isa = PBXNativeTarget;
			buildConfigurationList = 4C75E933255C6B8E00A2D965 /* Build configuration list for PBXNativeTarget "11_11_conversordemoedas" */;
			buildPhases = (
				AA6EEB4A1132CEB536A1F04E /* [CP] Check Pods Manifest.lock */,
				4C75E905255C6B8B00A2D965 /* Sources */,
				4C75E906255C6B8B00A2D965 /* Frameworks */,
				4C75E907255C6B8B00A2D965 /* Resources */,
				A44A0F445CE23579CADCC1F0 /* [CP] Embed Pods Frameworks */,
			);
			buildRules = (
			);
			dependencies = (
			);
			name = 11_11_conversordemoedas;
			productName = 11_11_conversordemoedas;
			productReference = 4C75E909255C6B8B00A2D965 /* 11_11_conversordemoedas.app */;
			productType = "com.apple.product-type.application";
		};
		4C75E91E255C6B8E00A2D965 /* 11_11_conversordemoedasTests */ = {
			isa = PBXNativeTarget;
			buildConfigurationList = 4C75E936255C6B8E00A2D965 /* Build configuration list for PBXNativeTarget "11_11_conversordemoedasTests" */;
			buildPhases = (
				45FA3AA7766B01FD62D1ED4F /* [CP] Check Pods Manifest.lock */,
				4C75E91B255C6B8E00A2D965 /* Sources */,
				4C75E91C255C6B8E00A2D965 /* Frameworks */,
				4C75E91D255C6B8E00A2D965 /* Resources */,
			);
			buildRules = (
			);
			dependencies = (
				4C75E921255C6B8E00A2D965 /* PBXTargetDependency */,
			);
			name = 11_11_conversordemoedasTests;
			productName = 11_11_conversordemoedasTests;
			productReference = 4C75E91F255C6B8E00A2D965 /* 11_11_conversordemoedasTests.xctest */;
			productType = "com.apple.product-type.bundle.unit-test";
		};
		4C75E929255C6B8E00A2D965 /* 11_11_conversordemoedasUITests */ = {
			isa = PBXNativeTarget;
			buildConfigurationList = 4C75E939255C6B8E00A2D965 /* Build configuration list for PBXNativeTarget "11_11_conversordemoedasUITests" */;
			buildPhases = (
				70D66913CB0F6A7F6DD849C2 /* [CP] Check Pods Manifest.lock */,
				4C75E926255C6B8E00A2D965 /* Sources */,
				4C75E927255C6B8E00A2D965 /* Frameworks */,
				4C75E928255C6B8E00A2D965 /* Resources */,
				BB9682666A6D072D0B6DFBCB /* [CP] Embed Pods Frameworks */,
			);
			buildRules = (
			);
			dependencies = (
				4C75E92C255C6B8E00A2D965 /* PBXTargetDependency */,
			);
			name = 11_11_conversordemoedasUITests;
			productName = 11_11_conversordemoedasUITests;
			productReference = 4C75E92A255C6B8E00A2D965 /* 11_11_conversordemoedasUITests.xctest */;
			productType = "com.apple.product-type.bundle.ui-testing";
		};
/* End PBXNativeTarget section */

/* Begin PBXProject section */
		4C75E901255C6B8B00A2D965 /* Project object */ = {
			isa = PBXProject;
			attributes = {
				LastSwiftUpdateCheck = 1200;
				LastUpgradeCheck = 1200;
				TargetAttributes = {
					4C75E908255C6B8B00A2D965 = {
						CreatedOnToolsVersion = 12.0;
					};
					4C75E91E255C6B8E00A2D965 = {
						CreatedOnToolsVersion = 12.0;
						TestTargetID = 4C75E908255C6B8B00A2D965;
					};
					4C75E929255C6B8E00A2D965 = {
						CreatedOnToolsVersion = 12.0;
						TestTargetID = 4C75E908255C6B8B00A2D965;
					};
				};
			};
			buildConfigurationList = 4C75E904255C6B8B00A2D965 /* Build configuration list for PBXProject "11_11_conversordemoedas" */;
			compatibilityVersion = "Xcode 9.3";
			developmentRegion = en;
			hasScannedForEncodings = 0;
			knownRegions = (
				en,
				Base,
			);
			mainGroup = 4C75E900255C6B8B00A2D965;
			productRefGroup = 4C75E90A255C6B8B00A2D965 /* Products */;
			projectDirPath = "";
			projectRoot = "";
			targets = (
				4C75E908255C6B8B00A2D965 /* 11_11_conversordemoedas */,
				4C75E91E255C6B8E00A2D965 /* 11_11_conversordemoedasTests */,
				4C75E929255C6B8E00A2D965 /* 11_11_conversordemoedasUITests */,
			);
		};
/* End PBXProject section */

/* Begin PBXResourcesBuildPhase section */
		4C75E907255C6B8B00A2D965 /* Resources */ = {
			isa = PBXResourcesBuildPhase;
			buildActionMask = 2147483647;
			files = (
				4C75E919255C6B8E00A2D965 /* LaunchScreen.storyboard in Resources */,
				4C75E916255C6B8E00A2D965 /* Assets.xcassets in Resources */,
				4C75E914255C6B8B00A2D965 /* Main.storyboard in Resources */,
			);
			runOnlyForDeploymentPostprocessing = 0;
		};
		4C75E91D255C6B8E00A2D965 /* Resources */ = {
			isa = PBXResourcesBuildPhase;
			buildActionMask = 2147483647;
			files = (
			);
			runOnlyForDeploymentPostprocessing = 0;
		};
		4C75E928255C6B8E00A2D965 /* Resources */ = {
			isa = PBXResourcesBuildPhase;
			buildActionMask = 2147483647;
			files = (
			);
			runOnlyForDeploymentPostprocessing = 0;
		};
/* End PBXResourcesBuildPhase section */

/* Begin PBXShellScriptBuildPhase section */
		45FA3AA7766B01FD62D1ED4F /* [CP] Check Pods Manifest.lock */ = {
			isa = PBXShellScriptBuildPhase;
			buildActionMask = 2147483647;
			files = (
			);
			inputFileListPaths = (
			);
			inputPaths = (
				"${PODS_PODFILE_DIR_PATH}/Podfile.lock",
				"${PODS_ROOT}/Manifest.lock",
			);
			name = "[CP] Check Pods Manifest.lock";
			outputFileListPaths = (
			);
			outputPaths = (
				"$(DERIVED_FILE_DIR)/Pods-11_11_conversordemoedasTests-checkManifestLockResult.txt",
			);
			runOnlyForDeploymentPostprocessing = 0;
			shellPath = /bin/sh;
			shellScript = "diff \"${PODS_PODFILE_DIR_PATH}/Podfile.lock\" \"${PODS_ROOT}/Manifest.lock\" > /dev/null\nif [ $? != 0 ] ; then\n    # print error to STDERR\n    echo \"error: The sandbox is not in sync with the Podfile.lock. Run 'pod install' or update your CocoaPods installation.\" >&2\n    exit 1\nfi\n# This output is used by Xcode 'outputs' to avoid re-running this script phase.\necho \"SUCCESS\" > \"${SCRIPT_OUTPUT_FILE_0}\"\n";
			showEnvVarsInLog = 0;
		};
		70D66913CB0F6A7F6DD849C2 /* [CP] Check Pods Manifest.lock */ = {
			isa = PBXShellScriptBuildPhase;
			buildActionMask = 2147483647;
			files = (
			);
			inputFileListPaths = (
			);
			inputPaths = (
				"${PODS_PODFILE_DIR_PATH}/Podfile.lock",
				"${PODS_ROOT}/Manifest.lock",
			);
			name = "[CP] Check Pods Manifest.lock";
			outputFileListPaths = (
			);
			outputPaths = (
				"$(DERIVED_FILE_DIR)/Pods-11_11_conversordemoedas-11_11_conversordemoedasUITests-checkManifestLockResult.txt",
			);
			runOnlyForDeploymentPostprocessing = 0;
			shellPath = /bin/sh;
			shellScript = "diff \"${PODS_PODFILE_DIR_PATH}/Podfile.lock\" \"${PODS_ROOT}/Manifest.lock\" > /dev/null\nif [ $? != 0 ] ; then\n    # print error to STDERR\n    echo \"error: The sandbox is not in sync with the Podfile.lock. Run 'pod install' or update your CocoaPods installation.\" >&2\n    exit 1\nfi\n# This output is used by Xcode 'outputs' to avoid re-running this script phase.\necho \"SUCCESS\" > \"${SCRIPT_OUTPUT_FILE_0}\"\n";
			showEnvVarsInLog = 0;
		};
		A44A0F445CE23579CADCC1F0 /* [CP] Embed Pods Frameworks */ = {
			isa = PBXShellScriptBuildPhase;
			buildActionMask = 2147483647;
			files = (
			);
			inputFileListPaths = (
				"${PODS_ROOT}/Target Support Files/Pods-11_11_conversordemoedas/Pods-11_11_conversordemoedas-frameworks-${CONFIGURATION}-input-files.xcfilelist",
			);
			name = "[CP] Embed Pods Frameworks";
			outputFileListPaths = (
				"${PODS_ROOT}/Target Support Files/Pods-11_11_conversordemoedas/Pods-11_11_conversordemoedas-frameworks-${CONFIGURATION}-output-files.xcfilelist",
			);
			runOnlyForDeploymentPostprocessing = 0;
			shellPath = /bin/sh;
			shellScript = "\"${PODS_ROOT}/Target Support Files/Pods-11_11_conversordemoedas/Pods-11_11_conversordemoedas-frameworks.sh\"\n";
			showEnvVarsInLog = 0;
		};
		AA6EEB4A1132CEB536A1F04E /* [CP] Check Pods Manifest.lock */ = {
			isa = PBXShellScriptBuildPhase;
			buildActionMask = 2147483647;
			files = (
			);
			inputFileListPaths = (
			);
			inputPaths = (
				"${PODS_PODFILE_DIR_PATH}/Podfile.lock",
				"${PODS_ROOT}/Manifest.lock",
			);
			name = "[CP] Check Pods Manifest.lock";
			outputFileListPaths = (
			);
			outputPaths = (
				"$(DERIVED_FILE_DIR)/Pods-11_11_conversordemoedas-checkManifestLockResult.txt",
			);
			runOnlyForDeploymentPostprocessing = 0;
			shellPath = /bin/sh;
			shellScript = "diff \"${PODS_PODFILE_DIR_PATH}/Podfile.lock\" \"${PODS_ROOT}/Manifest.lock\" > /dev/null\nif [ $? != 0 ] ; then\n    # print error to STDERR\n    echo \"error: The sandbox is not in sync with the Podfile.lock. Run 'pod install' or update your CocoaPods installation.\" >&2\n    exit 1\nfi\n# This output is used by Xcode 'outputs' to avoid re-running this script phase.\necho \"SUCCESS\" > \"${SCRIPT_OUTPUT_FILE_0}\"\n";
			showEnvVarsInLog = 0;
		};
		BB9682666A6D072D0B6DFBCB /* [CP] Embed Pods Frameworks */ = {
			isa = PBXShellScriptBuildPhase;
			buildActionMask = 2147483647;
			files = (
			);
			inputFileListPaths = (
				"${PODS_ROOT}/Target Support Files/Pods-11_11_conversordemoedas-11_11_conversordemoedasUITests/Pods-11_11_conversordemoedas-11_11_conversordemoedasUITests-frameworks-${CONFIGURATION}-input-files.xcfilelist",
			);
			name = "[CP] Embed Pods Frameworks";
			outputFileListPaths = (
				"${PODS_ROOT}/Target Support Files/Pods-11_11_conversordemoedas-11_11_conversordemoedasUITests/Pods-11_11_conversordemoedas-11_11_conversordemoedasUITests-frameworks-${CONFIGURATION}-output-files.xcfilelist",
			);
			runOnlyForDeploymentPostprocessing = 0;
			shellPath = /bin/sh;
			shellScript = "\"${PODS_ROOT}/Target Support Files/Pods-11_11_conversordemoedas-11_11_conversordemoedasUITests/Pods-11_11_conversordemoedas-11_11_conversordemoedasUITests-frameworks.sh\"\n";
			showEnvVarsInLog = 0;
		};
/* End PBXShellScriptBuildPhase section */

/* Begin PBXSourcesBuildPhase section */
		4C75E905255C6B8B00A2D965 /* Sources */ = {
			isa = PBXSourcesBuildPhase;
			buildActionMask = 2147483647;
			files = (
				4C75E911255C6B8B00A2D965 /* ViewController.swift in Sources */,
				4C75E90D255C6B8B00A2D965 /* AppDelegate.swift in Sources */,
				4C776139255C6FDA00F99A0D /* ConverteMoeda.swift in Sources */,
				4C75E90F255C6B8B00A2D965 /* SceneDelegate.swift in Sources */,
			);
			runOnlyForDeploymentPostprocessing = 0;
		};
		4C75E91B255C6B8E00A2D965 /* Sources */ = {
			isa = PBXSourcesBuildPhase;
			buildActionMask = 2147483647;
			files = (
				4C75E924255C6B8E00A2D965 /* _1_11_conversordemoedasTests.swift in Sources */,
			);
			runOnlyForDeploymentPostprocessing = 0;
		};
		4C75E926255C6B8E00A2D965 /* Sources */ = {
			isa = PBXSourcesBuildPhase;
			buildActionMask = 2147483647;
			files = (
				4C75E92F255C6B8E00A2D965 /* _1_11_conversordemoedasUITests.swift in Sources */,
			);
			runOnlyForDeploymentPostprocessing = 0;
		};
/* End PBXSourcesBuildPhase section */

/* Begin PBXTargetDependency section */
		4C75E921255C6B8E00A2D965 /* PBXTargetDependency */ = {
			isa = PBXTargetDependency;
			target = 4C75E908255C6B8B00A2D965 /* 11_11_conversordemoedas */;
			targetProxy = 4C75E920255C6B8E00A2D965 /* PBXContainerItemProxy */;
		};
		4C75E92C255C6B8E00A2D965 /* PBXTargetDependency */ = {
			isa = PBXTargetDependency;
			target = 4C75E908255C6B8B00A2D965 /* 11_11_conversordemoedas */;
			targetProxy = 4C75E92B255C6B8E00A2D965 /* PBXContainerItemProxy */;
		};
/* End PBXTargetDependency section */

/* Begin PBXVariantGroup section */
		4C75E912255C6B8B00A2D965 /* Main.storyboard */ = {
			isa = PBXVariantGroup;
			children = (
				4C75E913255C6B8B00A2D965 /* Base */,
			);
			name = Main.storyboard;
			sourceTree = "<group>";
		};
		4C75E917255C6B8E00A2D965 /* LaunchScreen.storyboard */ = {
			isa = PBXVariantGroup;
			children = (
				4C75E918255C6B8E00A2D965 /* Base */,
			);
			name = LaunchScreen.storyboard;
			sourceTree = "<group>";
		};
/* End PBXVariantGroup section */

/* Begin XCBuildConfiguration section */
		4C75E931255C6B8E00A2D965 /* Debug */ = {
			isa = XCBuildConfiguration;
			buildSettings = {
				ALWAYS_SEARCH_USER_PATHS = NO;
				CLANG_ANALYZER_NONNULL = YES;
				CLANG_ANALYZER_NUMBER_OBJECT_CONVERSION = YES_AGGRESSIVE;
				CLANG_CXX_LANGUAGE_STANDARD = "gnu++14";
				CLANG_CXX_LIBRARY = "libc++";
				CLANG_ENABLE_MODULES = YES;
				CLANG_ENABLE_OBJC_ARC = YES;
				CLANG_ENABLE_OBJC_WEAK = YES;
				CLANG_WARN_BLOCK_CAPTURE_AUTORELEASING = YES;
				CLANG_WARN_BOOL_CONVERSION = YES;
				CLANG_WARN_COMMA = YES;
				CLANG_WARN_CONSTANT_CONVERSION = YES;
				CLANG_WARN_DEPRECATED_OBJC_IMPLEMENTATIONS = YES;
				CLANG_WARN_DIRECT_OBJC_ISA_USAGE = YES_ERROR;
				CLANG_WARN_DOCUMENTATION_COMMENTS = YES;
				CLANG_WARN_EMPTY_BODY = YES;
				CLANG_WARN_ENUM_CONVERSION = YES;
				CLANG_WARN_INFINITE_RECURSION = YES;
				CLANG_WARN_INT_CONVERSION = YES;
				CLANG_WARN_NON_LITERAL_NULL_CONVERSION = YES;
				CLANG_WARN_OBJC_IMPLICIT_RETAIN_SELF = YES;
				CLANG_WARN_OBJC_LITERAL_CONVERSION = YES;
				CLANG_WARN_OBJC_ROOT_CLASS = YES_ERROR;
				CLANG_WARN_QUOTED_INCLUDE_IN_FRAMEWORK_HEADER = YES;
				CLANG_WARN_RANGE_LOOP_ANALYSIS = YES;
				CLANG_WARN_STRICT_PROTOTYPES = YES;
				CLANG_WARN_SUSPICIOUS_MOVE = YES;
				CLANG_WARN_UNGUARDED_AVAILABILITY = YES_AGGRESSIVE;
				CLANG_WARN_UNREACHABLE_CODE = YES;
				CLANG_WARN__DUPLICATE_METHOD_MATCH = YES;
				COPY_PHASE_STRIP = NO;
				DEBUG_INFORMATION_FORMAT = dwarf;
				ENABLE_STRICT_OBJC_MSGSEND = YES;
				ENABLE_TESTABILITY = YES;
				GCC_C_LANGUAGE_STANDARD = gnu11;
				GCC_DYNAMIC_NO_PIC = NO;
				GCC_NO_COMMON_BLOCKS = YES;
				GCC_OPTIMIZATION_LEVEL = 0;
				GCC_PREPROCESSOR_DEFINITIONS = (
					"DEBUG=1",
					"$(inherited)",
				);
				GCC_WARN_64_TO_32_BIT_CONVERSION = YES;
				GCC_WARN_ABOUT_RETURN_TYPE = YES_ERROR;
				GCC_WARN_UNDECLARED_SELECTOR = YES;
				GCC_WARN_UNINITIALIZED_AUTOS = YES_AGGRESSIVE;
				GCC_WARN_UNUSED_FUNCTION = YES;
				GCC_WARN_UNUSED_VARIABLE = YES;
				IPHONEOS_DEPLOYMENT_TARGET = 14.0;
				MTL_ENABLE_DEBUG_INFO = INCLUDE_SOURCE;
				MTL_FAST_MATH = YES;
				ONLY_ACTIVE_ARCH = YES;
				SDKROOT = iphoneos;
				SWIFT_ACTIVE_COMPILATION_CONDITIONS = DEBUG;
				SWIFT_OPTIMIZATION_LEVEL = "-Onone";
			};
			name = Debug;
		};
		4C75E932255C6B8E00A2D965 /* Release */ = {
			isa = XCBuildConfiguration;
			buildSettings = {
				ALWAYS_SEARCH_USER_PATHS = NO;
				CLANG_ANALYZER_NONNULL = YES;
				CLANG_ANALYZER_NUMBER_OBJECT_CONVERSION = YES_AGGRESSIVE;
				CLANG_CXX_LANGUAGE_STANDARD = "gnu++14";
				CLANG_CXX_LIBRARY = "libc++";
				CLANG_ENABLE_MODULES = YES;
				CLANG_ENABLE_OBJC_ARC = YES;
				CLANG_ENABLE_OBJC_WEAK = YES;
				CLANG_WARN_BLOCK_CAPTURE_AUTORELEASING = YES;
				CLANG_WARN_BOOL_CONVERSION = YES;
				CLANG_WARN_COMMA = YES;
				CLANG_WARN_CONSTANT_CONVERSION = YES;
				CLANG_WARN_DEPRECATED_OBJC_IMPLEMENTATIONS = YES;
				CLANG_WARN_DIRECT_OBJC_ISA_USAGE = YES_ERROR;
				CLANG_WARN_DOCUMENTATION_COMMENTS = YES;
				CLANG_WARN_EMPTY_BODY = YES;
				CLANG_WARN_ENUM_CONVERSION = YES;
				CLANG_WARN_INFINITE_RECURSION = YES;
				CLANG_WARN_INT_CONVERSION = YES;
				CLANG_WARN_NON_LITERAL_NULL_CONVERSION = YES;
				CLANG_WARN_OBJC_IMPLICIT_RETAIN_SELF = YES;
				CLANG_WARN_OBJC_LITERAL_CONVERSION = YES;
				CLANG_WARN_OBJC_ROOT_CLASS = YES_ERROR;
				CLANG_WARN_QUOTED_INCLUDE_IN_FRAMEWORK_HEADER = YES;
				CLANG_WARN_RANGE_LOOP_ANALYSIS = YES;
				CLANG_WARN_STRICT_PROTOTYPES = YES;
				CLANG_WARN_SUSPICIOUS_MOVE = YES;
				CLANG_WARN_UNGUARDED_AVAILABILITY = YES_AGGRESSIVE;
				CLANG_WARN_UNREACHABLE_CODE = YES;
				CLANG_WARN__DUPLICATE_METHOD_MATCH = YES;
				COPY_PHASE_STRIP = NO;
				DEBUG_INFORMATION_FORMAT = "dwarf-with-dsym";
				ENABLE_NS_ASSERTIONS = NO;
				ENABLE_STRICT_OBJC_MSGSEND = YES;
				GCC_C_LANGUAGE_STANDARD = gnu11;
				GCC_NO_COMMON_BLOCKS = YES;
				GCC_WARN_64_TO_32_BIT_CONVERSION = YES;
				GCC_WARN_ABOUT_RETURN_TYPE = YES_ERROR;
				GCC_WARN_UNDECLARED_SELECTOR = YES;
				GCC_WARN_UNINITIALIZED_AUTOS = YES_AGGRESSIVE;
				GCC_WARN_UNUSED_FUNCTION = YES;
				GCC_WARN_UNUSED_VARIABLE = YES;
				IPHONEOS_DEPLOYMENT_TARGET = 14.0;
				MTL_ENABLE_DEBUG_INFO = NO;
				MTL_FAST_MATH = YES;
				SDKROOT = iphoneos;
				SWIFT_COMPILATION_MODE = wholemodule;
				SWIFT_OPTIMIZATION_LEVEL = "-O";
				VALIDATE_PRODUCT = YES;
			};
			name = Release;
		};
		4C75E934255C6B8E00A2D965 /* Debug */ = {
			isa = XCBuildConfiguration;
			baseConfigurationReference = 68BDE1EED4D8F4F24D0389DB /* Pods-11_11_conversordemoedas.debug.xcconfig */;
			buildSettings = {
				ASSETCATALOG_COMPILER_APPICON_NAME = AppIcon;
				ASSETCATALOG_COMPILER_GLOBAL_ACCENT_COLOR_NAME = AccentColor;
				CODE_SIGN_STYLE = Automatic;
				INFOPLIST_FILE = 11_11_conversordemoedas/Info.plist;
				LD_RUNPATH_SEARCH_PATHS = (
					"$(inherited)",
					"@executable_path/Frameworks",
				);
				PRODUCT_BUNDLE_IDENTIFIER = "lestad.-1-11-conversordemoedas";
				PRODUCT_NAME = "$(TARGET_NAME)";
				SWIFT_VERSION = 5.0;
				TARGETED_DEVICE_FAMILY = "1,2";
			};
			name = Debug;
		};
		4C75E935255C6B8E00A2D965 /* Release */ = {
			isa = XCBuildConfiguration;
			baseConfigurationReference = 8F96C398A1CEADEEADDC35D6 /* Pods-11_11_conversordemoedas.release.xcconfig */;
			buildSettings = {
				ASSETCATALOG_COMPILER_APPICON_NAME = AppIcon;
				ASSETCATALOG_COMPILER_GLOBAL_ACCENT_COLOR_NAME = AccentColor;
				CODE_SIGN_STYLE = Automatic;
				INFOPLIST_FILE = 11_11_conversordemoedas/Info.plist;
				LD_RUNPATH_SEARCH_PATHS = (
					"$(inherited)",
					"@executable_path/Frameworks",
				);
				PRODUCT_BUNDLE_IDENTIFIER = "lestad.-1-11-conversordemoedas";
				PRODUCT_NAME = "$(TARGET_NAME)";
				SWIFT_VERSION = 5.0;
				TARGETED_DEVICE_FAMILY = "1,2";
			};
			name = Release;
		};
		4C75E937255C6B8E00A2D965 /* Debug */ = {
			isa = XCBuildConfiguration;
			baseConfigurationReference = CD940AA52670097440080471 /* Pods-11_11_conversordemoedasTests.debug.xcconfig */;
			buildSettings = {
				ALWAYS_EMBED_SWIFT_STANDARD_LIBRARIES = YES;
				BUNDLE_LOADER = "$(TEST_HOST)";
				CODE_SIGN_STYLE = Automatic;
				INFOPLIST_FILE = 11_11_conversordemoedasTests/Info.plist;
				IPHONEOS_DEPLOYMENT_TARGET = 14.0;
				LD_RUNPATH_SEARCH_PATHS = (
					"$(inherited)",
					"@executable_path/Frameworks",
					"@loader_path/Frameworks",
				);
				PRODUCT_BUNDLE_IDENTIFIER = "lestad.-1-11-conversordemoedasTests";
				PRODUCT_NAME = "$(TARGET_NAME)";
				SWIFT_VERSION = 5.0;
				TARGETED_DEVICE_FAMILY = "1,2";
				TEST_HOST = "$(BUILT_PRODUCTS_DIR)/11_11_conversordemoedas.app/11_11_conversordemoedas";
			};
			name = Debug;
		};
		4C75E938255C6B8E00A2D965 /* Release */ = {
			isa = XCBuildConfiguration;
			baseConfigurationReference = 0F3DF5E9E53952CBD9C597F7 /* Pods-11_11_conversordemoedasTests.release.xcconfig */;
			buildSettings = {
				ALWAYS_EMBED_SWIFT_STANDARD_LIBRARIES = YES;
				BUNDLE_LOADER = "$(TEST_HOST)";
				CODE_SIGN_STYLE = Automatic;
				INFOPLIST_FILE = 11_11_conversordemoedasTests/Info.plist;
				IPHONEOS_DEPLOYMENT_TARGET = 14.0;
				LD_RUNPATH_SEARCH_PATHS = (
					"$(inherited)",
					"@executable_path/Frameworks",
					"@loader_path/Frameworks",
				);
				PRODUCT_BUNDLE_IDENTIFIER = "lestad.-1-11-conversordemoedasTests";
				PRODUCT_NAME = "$(TARGET_NAME)";
				SWIFT_VERSION = 5.0;
				TARGETED_DEVICE_FAMILY = "1,2";
				TEST_HOST = "$(BUILT_PRODUCTS_DIR)/11_11_conversordemoedas.app/11_11_conversordemoedas";
			};
			name = Release;
		};
		4C75E93A255C6B8E00A2D965 /* Debug */ = {
			isa = XCBuildConfiguration;
			baseConfigurationReference = 7D3538B87E09A0A91C265714 /* Pods-11_11_conversordemoedas-11_11_conversordemoedasUITests.debug.xcconfig */;
			buildSettings = {
				ALWAYS_EMBED_SWIFT_STANDARD_LIBRARIES = YES;
				CODE_SIGN_STYLE = Automatic;
				INFOPLIST_FILE = 11_11_conversordemoedasUITests/Info.plist;
				LD_RUNPATH_SEARCH_PATHS = (
					"$(inherited)",
					"@executable_path/Frameworks",
					"@loader_path/Frameworks",
				);
				PRODUCT_BUNDLE_IDENTIFIER = "lestad.-1-11-conversordemoedasUITests";
				PRODUCT_NAME = "$(TARGET_NAME)";
				SWIFT_VERSION = 5.0;
				TARGETED_DEVICE_FAMILY = "1,2";
				TEST_TARGET_NAME = 11_11_conversordemoedas;
			};
			name = Debug;
		};
		4C75E93B255C6B8E00A2D965 /* Release */ = {
			isa = XCBuildConfiguration;
			baseConfigurationReference = C4BB1F06C2EB272A949DD077 /* Pods-11_11_conversordemoedas-11_11_conversordemoedasUITests.release.xcconfig */;
			buildSettings = {
				ALWAYS_EMBED_SWIFT_STANDARD_LIBRARIES = YES;
				CODE_SIGN_STYLE = Automatic;
				INFOPLIST_FILE = 11_11_conversordemoedasUITests/Info.plist;
				LD_RUNPATH_SEARCH_PATHS = (
					"$(inherited)",
					"@executable_path/Frameworks",
					"@loader_path/Frameworks",
				);
				PRODUCT_BUNDLE_IDENTIFIER = "lestad.-1-11-conversordemoedasUITests";
				PRODUCT_NAME = "$(TARGET_NAME)";
				SWIFT_VERSION = 5.0;
				TARGETED_DEVICE_FAMILY = "1,2";
				TEST_TARGET_NAME = 11_11_conversordemoedas;
			};
			name = Release;
		};
/* End XCBuildConfiguration section */

/* Begin XCConfigurationList section */
		4C75E904255C6B8B00A2D965 /* Build configuration list for PBXProject "11_11_conversordemoedas" */ = {
			isa = XCConfigurationList;
			buildConfigurations = (
				4C75E931255C6B8E00A2D965 /* Debug */,
				4C75E932255C6B8E00A2D965 /* Release */,
			);
			defaultConfigurationIsVisible = 0;
			defaultConfigurationName = Release;
		};
		4C75E933255C6B8E00A2D965 /* Build configuration list for PBXNativeTarget "11_11_conversordemoedas" */ = {
			isa = XCConfigurationList;
			buildConfigurations = (
				4C75E934255C6B8E00A2D965 /* Debug */,
				4C75E935255C6B8E00A2D965 /* Release */,
			);
			defaultConfigurationIsVisible = 0;
			defaultConfigurationName = Release;
		};
		4C75E936255C6B8E00A2D965 /* Build configuration list for PBXNativeTarget "11_11_conversordemoedasTests" */ = {
			isa = XCConfigurationList;
			buildConfigurations = (
				4C75E937255C6B8E00A2D965 /* Debug */,
				4C75E938255C6B8E00A2D965 /* Release */,
			);
			defaultConfigurationIsVisible = 0;
			defaultConfigurationName = Release;
		};
		4C75E939255C6B8E00A2D965 /* Build configuration list for PBXNativeTarget "11_11_conversordemoedasUITests" */ = {
			isa = XCConfigurationList;
			buildConfigurations = (
				4C75E93A255C6B8E00A2D965 /* Debug */,
				4C75E93B255C6B8E00A2D965 /* Release */,
			);
			defaultConfigurationIsVisible = 0;
			defaultConfigurationName = Release;
		};
/* End XCConfigurationList section */
	};
	rootObject = 4C75E901255C6B8B00A2D965 /* Project object */;
}
