// !$*UTF8*$!
{
	archiveVersion = 1;
	classes = {
	};
	objectVersion = 50;
	objects = {

/* Begin PBXBuildFile section */
		4C3BE5942549B3220027E0CA /* AppDelegate.swift in Sources */ = {isa = PBXBuildFile; fileRef = 4C3BE5932549B3220027E0CA /* AppDelegate.swift */; };
		4C3BE5962549B3220027E0CA /* SceneDelegate.swift in Sources */ = {isa = PBXBuildFile; fileRef = 4C3BE5952549B3220027E0CA /* SceneDelegate.swift */; };
		4C3BE5982549B3220027E0CA /* ViewController.swift in Sources */ = {isa = PBXBuildFile; fileRef = 4C3BE5972549B3220027E0CA /* ViewController.swift */; };
		4C3BE59B2549B3220027E0CA /* Main.storyboard in Resources */ = {isa = PBXBuildFile; fileRef = 4C3BE5992549B3220027E0CA /* Main.storyboard */; };
		4C3BE59D2549B3240027E0CA /* Assets.xcassets in Resources */ = {isa = PBXBuildFile; fileRef = 4C3BE59C2549B3240027E0CA /* Assets.xcassets */; };
		4C3BE5A02549B3240027E0CA /* LaunchScreen.storyboard in Resources */ = {isa = PBXBuildFile; fileRef = 4C3BE59E2549B3240027E0CA /* LaunchScreen.storyboard */; };
		4C3BE5AB2549B3250027E0CA /* dsaTests.swift in Sources */ = {isa = PBXBuildFile; fileRef = 4C3BE5AA2549B3250027E0CA /* dsaTests.swift */; };
		4C3BE5B62549B3250027E0CA /* dsaUITests.swift in Sources */ = {isa = PBXBuildFile; fileRef = 4C3BE5B52549B3250027E0CA /* dsaUITests.swift */; };
/* End PBXBuildFile section */

/* Begin PBXContainerItemProxy section */
		4C3BE5A72549B3250027E0CA /* PBXContainerItemProxy */ = {
			isa = PBXContainerItemProxy;
			containerPortal = 4C3BE5882549B3220027E0CA /* Project object */;
			proxyType = 1;
			remoteGlobalIDString = 4C3BE58F2549B3220027E0CA;
			remoteInfo = dsa;
		};
		4C3BE5B22549B3250027E0CA /* PBXContainerItemProxy */ = {
			isa = PBXContainerItemProxy;
			containerPortal = 4C3BE5882549B3220027E0CA /* Project object */;
			proxyType = 1;
			remoteGlobalIDString = 4C3BE58F2549B3220027E0CA;
			remoteInfo = dsa;
		};
/* End PBXContainerItemProxy section */

/* Begin PBXFileReference section */
		4C3BE5902549B3220027E0CA /* dsa.app */ = {isa = PBXFileReference; explicitFileType = wrapper.application; includeInIndex = 0; path = dsa.app; sourceTree = BUILT_PRODUCTS_DIR; };
		4C3BE5932549B3220027E0CA /* AppDelegate.swift */ = {isa = PBXFileReference; lastKnownFileType = sourcecode.swift; path = AppDelegate.swift; sourceTree = "<group>"; };
		4C3BE5952549B3220027E0CA /* SceneDelegate.swift */ = {isa = PBXFileReference; lastKnownFileType = sourcecode.swift; path = SceneDelegate.swift; sourceTree = "<group>"; };
		4C3BE5972549B3220027E0CA /* ViewController.swift */ = {isa = PBXFileReference; lastKnownFileType = sourcecode.swift; path = ViewController.swift; sourceTree = "<group>"; };
		4C3BE59A2549B3220027E0CA /* Base */ = {isa = PBXFileReference; lastKnownFileType = file.storyboard; name = Base; path = Base.lproj/Main.storyboard; sourceTree = "<group>"; };
		4C3BE59C2549B3240027E0CA /* Assets.xcassets */ = {isa = PBXFileReference; lastKnownFileType = folder.assetcatalog; path = Assets.xcassets; sourceTree = "<group>"; };
		4C3BE59F2549B3240027E0CA /* Base */ = {isa = PBXFileReference; lastKnownFileType = file.storyboard; name = Base; path = Base.lproj/LaunchScreen.storyboard; sourceTree = "<group>"; };
		4C3BE5A12549B3240027E0CA /* Info.plist */ = {isa = PBXFileReference; lastKnownFileType = text.plist.xml; path = Info.plist; sourceTree = "<group>"; };
		4C3BE5A62549B3250027E0CA /* dsaTests.xctest */ = {isa = PBXFileReference; explicitFileType = wrapper.cfbundle; includeInIndex = 0; path = dsaTests.xctest; sourceTree = BUILT_PRODUCTS_DIR; };
		4C3BE5AA2549B3250027E0CA /* dsaTests.swift */ = {isa = PBXFileReference; lastKnownFileType = sourcecode.swift; path = dsaTests.swift; sourceTree = "<group>"; };
		4C3BE5AC2549B3250027E0CA /* Info.plist */ = {isa = PBXFileReference; lastKnownFileType = text.plist.xml; path = Info.plist; sourceTree = "<group>"; };
		4C3BE5B12549B3250027E0CA /* dsaUITests.xctest */ = {isa = PBXFileReference; explicitFileType = wrapper.cfbundle; includeInIndex = 0; path = dsaUITests.xctest; sourceTree = BUILT_PRODUCTS_DIR; };
		4C3BE5B52549B3250027E0CA /* dsaUITests.swift */ = {isa = PBXFileReference; lastKnownFileType = sourcecode.swift; path = dsaUITests.swift; sourceTree = "<group>"; };
		4C3BE5B72549B3250027E0CA /* Info.plist */ = {isa = PBXFileReference; lastKnownFileType = text.plist.xml; path = Info.plist; sourceTree = "<group>"; };
/* End PBXFileReference section */

/* Begin PBXFrameworksBuildPhase section */
		4C3BE58D2549B3220027E0CA /* Frameworks */ = {
			isa = PBXFrameworksBuildPhase;
			buildActionMask = 2147483647;
			files = (
			);
			runOnlyForDeploymentPostprocessing = 0;
		};
		4C3BE5A32549B3250027E0CA /* Frameworks */ = {
			isa = PBXFrameworksBuildPhase;
			buildActionMask = 2147483647;
			files = (
			);
			runOnlyForDeploymentPostprocessing = 0;
		};
		4C3BE5AE2549B3250027E0CA /* Frameworks */ = {
			isa = PBXFrameworksBuildPhase;
			buildActionMask = 2147483647;
			files = (
			);
			runOnlyForDeploymentPostprocessing = 0;
		};
/* End PBXFrameworksBuildPhase section */

/* Begin PBXGroup section */
		4C3BE5872549B3220027E0CA = {
			isa = PBXGroup;
			children = (
				4C3BE5922549B3220027E0CA /* dsa */,
				4C3BE5A92549B3250027E0CA /* dsaTests */,
				4C3BE5B42549B3250027E0CA /* dsaUITests */,
				4C3BE5912549B3220027E0CA /* Products */,
			);
			sourceTree = "<group>";
		};
		4C3BE5912549B3220027E0CA /* Products */ = {
			isa = PBXGroup;
			children = (
				4C3BE5902549B3220027E0CA /* dsa.app */,
				4C3BE5A62549B3250027E0CA /* dsaTests.xctest */,
				4C3BE5B12549B3250027E0CA /* dsaUITests.xctest */,
			);
			name = Products;
			sourceTree = "<group>";
		};
		4C3BE5922549B3220027E0CA /* dsa */ = {
			isa = PBXGroup;
			children = (
				4C3BE5932549B3220027E0CA /* AppDelegate.swift */,
				4C3BE5952549B3220027E0CA /* SceneDelegate.swift */,
				4C3BE5972549B3220027E0CA /* ViewController.swift */,
				4C3BE5992549B3220027E0CA /* Main.storyboard */,
				4C3BE59C2549B3240027E0CA /* Assets.xcassets */,
				4C3BE59E2549B3240027E0CA /* LaunchScreen.storyboard */,
				4C3BE5A12549B3240027E0CA /* Info.plist */,
			);
			path = dsa;
			sourceTree = "<group>";
		};
		4C3BE5A92549B3250027E0CA /* dsaTests */ = {
			isa = PBXGroup;
			children = (
				4C3BE5AA2549B3250027E0CA /* dsaTests.swift */,
				4C3BE5AC2549B3250027E0CA /* Info.plist */,
			);
			path = dsaTests;
			sourceTree = "<group>";
		};
		4C3BE5B42549B3250027E0CA /* dsaUITests */ = {
			isa = PBXGroup;
			children = (
				4C3BE5B52549B3250027E0CA /* dsaUITests.swift */,
				4C3BE5B72549B3250027E0CA /* Info.plist */,
			);
			path = dsaUITests;
			sourceTree = "<group>";
		};
/* End PBXGroup section */

/* Begin PBXNativeTarget section */
		4C3BE58F2549B3220027E0CA /* dsa */ = {
			isa = PBXNativeTarget;
			buildConfigurationList = 4C3BE5BA2549B3250027E0CA /* Build configuration list for PBXNativeTarget "dsa" */;
			buildPhases = (
				4C3BE58C2549B3220027E0CA /* Sources */,
				4C3BE58D2549B3220027E0CA /* Frameworks */,
				4C3BE58E2549B3220027E0CA /* Resources */,
			);
			buildRules = (
			);
			dependencies = (
			);
			name = dsa;
			productName = dsa;
			productReference = 4C3BE5902549B3220027E0CA /* dsa.app */;
			productType = "com.apple.product-type.application";
		};
		4C3BE5A52549B3250027E0CA /* dsaTests */ = {
			isa = PBXNativeTarget;
			buildConfigurationList = 4C3BE5BD2549B3250027E0CA /* Build configuration list for PBXNativeTarget "dsaTests" */;
			buildPhases = (
				4C3BE5A22549B3250027E0CA /* Sources */,
				4C3BE5A32549B3250027E0CA /* Frameworks */,
				4C3BE5A42549B3250027E0CA /* Resources */,
			);
			buildRules = (
			);
			dependencies = (
				4C3BE5A82549B3250027E0CA /* PBXTargetDependency */,
			);
			name = dsaTests;
			productName = dsaTests;
			productReference = 4C3BE5A62549B3250027E0CA /* dsaTests.xctest */;
			productType = "com.apple.product-type.bundle.unit-test";
		};
		4C3BE5B02549B3250027E0CA /* dsaUITests */ = {
			isa = PBXNativeTarget;
			buildConfigurationList = 4C3BE5C02549B3250027E0CA /* Build configuration list for PBXNativeTarget "dsaUITests" */;
			buildPhases = (
				4C3BE5AD2549B3250027E0CA /* Sources */,
				4C3BE5AE2549B3250027E0CA /* Frameworks */,
				4C3BE5AF2549B3250027E0CA /* Resources */,
			);
			buildRules = (
			);
			dependencies = (
				4C3BE5B32549B3250027E0CA /* PBXTargetDependency */,
			);
			name = dsaUITests;
			productName = dsaUITests;
			productReference = 4C3BE5B12549B3250027E0CA /* dsaUITests.xctest */;
			productType = "com.apple.product-type.bundle.ui-testing";
		};
/* End PBXNativeTarget section */

/* Begin PBXProject section */
		4C3BE5882549B3220027E0CA /* Project object */ = {
			isa = PBXProject;
			attributes = {
				LastSwiftUpdateCheck = 1200;
				LastUpgradeCheck = 1200;
				TargetAttributes = {
					4C3BE58F2549B3220027E0CA = {
						CreatedOnToolsVersion = 12.0;
					};
					4C3BE5A52549B3250027E0CA = {
						CreatedOnToolsVersion = 12.0;
						TestTargetID = 4C3BE58F2549B3220027E0CA;
					};
					4C3BE5B02549B3250027E0CA = {
						CreatedOnToolsVersion = 12.0;
						TestTargetID = 4C3BE58F2549B3220027E0CA;
					};
				};
			};
			buildConfigurationList = 4C3BE58B2549B3220027E0CA /* Build configuration list for PBXProject "dsa" */;
			compatibilityVersion = "Xcode 9.3";
			developmentRegion = en;
			hasScannedForEncodings = 0;
			knownRegions = (
				en,
				Base,
			);
			mainGroup = 4C3BE5872549B3220027E0CA;
			productRefGroup = 4C3BE5912549B3220027E0CA /* Products */;
			projectDirPath = "";
			projectRoot = "";
			targets = (
				4C3BE58F2549B3220027E0CA /* dsa */,
				4C3BE5A52549B3250027E0CA /* dsaTests */,
				4C3BE5B02549B3250027E0CA /* dsaUITests */,
			);
		};
/* End PBXProject section */

/* Begin PBXResourcesBuildPhase section */
		4C3BE58E2549B3220027E0CA /* Resources */ = {
			isa = PBXResourcesBuildPhase;
			buildActionMask = 2147483647;
			files = (
				4C3BE5A02549B3240027E0CA /* LaunchScreen.storyboard in Resources */,
				4C3BE59D2549B3240027E0CA /* Assets.xcassets in Resources */,
				4C3BE59B2549B3220027E0CA /* Main.storyboard in Resources */,
			);
			runOnlyForDeploymentPostprocessing = 0;
		};
		4C3BE5A42549B3250027E0CA /* Resources */ = {
			isa = PBXResourcesBuildPhase;
			buildActionMask = 2147483647;
			files = (
			);
			runOnlyForDeploymentPostprocessing = 0;
		};
		4C3BE5AF2549B3250027E0CA /* Resources */ = {
			isa = PBXResourcesBuildPhase;
			buildActionMask = 2147483647;
			files = (
			);
			runOnlyForDeploymentPostprocessing = 0;
		};
/* End PBXResourcesBuildPhase section */

/* Begin PBXSourcesBuildPhase section */
		4C3BE58C2549B3220027E0CA /* Sources */ = {
			isa = PBXSourcesBuildPhase;
			buildActionMask = 2147483647;
			files = (
				4C3BE5982549B3220027E0CA /* ViewController.swift in Sources */,
				4C3BE5942549B3220027E0CA /* AppDelegate.swift in Sources */,
				4C3BE5962549B3220027E0CA /* SceneDelegate.swift in Sources */,
			);
			runOnlyForDeploymentPostprocessing = 0;
		};
		4C3BE5A22549B3250027E0CA /* Sources */ = {
			isa = PBXSourcesBuildPhase;
			buildActionMask = 2147483647;
			files = (
				4C3BE5AB2549B3250027E0CA /* dsaTests.swift in Sources */,
			);
			runOnlyForDeploymentPostprocessing = 0;
		};
		4C3BE5AD2549B3250027E0CA /* Sources */ = {
			isa = PBXSourcesBuildPhase;
			buildActionMask = 2147483647;
			files = (
				4C3BE5B62549B3250027E0CA /* dsaUITests.swift in Sources */,
			);
			runOnlyForDeploymentPostprocessing = 0;
		};
/* End PBXSourcesBuildPhase section */

/* Begin PBXTargetDependency section */
		4C3BE5A82549B3250027E0CA /* PBXTargetDependency */ = {
			isa = PBXTargetDependency;
			target = 4C3BE58F2549B3220027E0CA /* dsa */;
			targetProxy = 4C3BE5A72549B3250027E0CA /* PBXContainerItemProxy */;
		};
		4C3BE5B32549B3250027E0CA /* PBXTargetDependency */ = {
			isa = PBXTargetDependency;
			target = 4C3BE58F2549B3220027E0CA /* dsa */;
			targetProxy = 4C3BE5B22549B3250027E0CA /* PBXContainerItemProxy */;
		};
/* End PBXTargetDependency section */

/* Begin PBXVariantGroup section */
		4C3BE5992549B3220027E0CA /* Main.storyboard */ = {
			isa = PBXVariantGroup;
			children = (
				4C3BE59A2549B3220027E0CA /* Base */,
			);
			name = Main.storyboard;
			sourceTree = "<group>";
		};
		4C3BE59E2549B3240027E0CA /* LaunchScreen.storyboard */ = {
			isa = PBXVariantGroup;
			children = (
				4C3BE59F2549B3240027E0CA /* Base */,
			);
			name = LaunchScreen.storyboard;
			sourceTree = "<group>";
		};
/* End PBXVariantGroup section */

/* Begin XCBuildConfiguration section */
		4C3BE5B82549B3250027E0CA /* Debug */ = {
			isa = XCBuildConfiguration;
			buildSettings = {
				ALWAYS_SEARCH_USER_PATHS = NO;
				CLANG_ANALYZER_NONNULL = YES;
				CLANG_ANALYZER_NUMBER_OBJECT_CONVERSION = YES_AGGRESSIVE;
				CLANG_CXX_LANGUAGE_STANDARD = "gnu++14";
				CLANG_CXX_LIBRARY = "libc++";
				CLANG_ENABLE_MODULES = YES;
				CLANG_ENABLE_OBJC_ARC = YES;
				CLANG_ENABLE_OBJC_WEAK = YES;
				CLANG_WARN_BLOCK_CAPTURE_AUTORELEASING = YES;
				CLANG_WARN_BOOL_CONVERSION = YES;
				CLANG_WARN_COMMA = YES;
				CLANG_WARN_CONSTANT_CONVERSION = YES;
				CLANG_WARN_DEPRECATED_OBJC_IMPLEMENTATIONS = YES;
				CLANG_WARN_DIRECT_OBJC_ISA_USAGE = YES_ERROR;
				CLANG_WARN_DOCUMENTATION_COMMENTS = YES;
				CLANG_WARN_EMPTY_BODY = YES;
				CLANG_WARN_ENUM_CONVERSION = YES;
				CLANG_WARN_INFINITE_RECURSION = YES;
				CLANG_WARN_INT_CONVERSION = YES;
				CLANG_WARN_NON_LITERAL_NULL_CONVERSION = YES;
				CLANG_WARN_OBJC_IMPLICIT_RETAIN_SELF = YES;
				CLANG_WARN_OBJC_LITERAL_CONVERSION = YES;
				CLANG_WARN_OBJC_ROOT_CLASS = YES_ERROR;
				CLANG_WARN_QUOTED_INCLUDE_IN_FRAMEWORK_HEADER = YES;
				CLANG_WARN_RANGE_LOOP_ANALYSIS = YES;
				CLANG_WARN_STRICT_PROTOTYPES = YES;
				CLANG_WARN_SUSPICIOUS_MOVE = YES;
				CLANG_WARN_UNGUARDED_AVAILABILITY = YES_AGGRESSIVE;
				CLANG_WARN_UNREACHABLE_CODE = YES;
				CLANG_WARN__DUPLICATE_METHOD_MATCH = YES;
				COPY_PHASE_STRIP = NO;
				DEBUG_INFORMATION_FORMAT = dwarf;
				ENABLE_STRICT_OBJC_MSGSEND = YES;
				ENABLE_TESTABILITY = YES;
				GCC_C_LANGUAGE_STANDARD = gnu11;
				GCC_DYNAMIC_NO_PIC = NO;
				GCC_NO_COMMON_BLOCKS = YES;
				GCC_OPTIMIZATION_LEVEL = 0;
				GCC_PREPROCESSOR_DEFINITIONS = (
					"DEBUG=1",
					"$(inherited)",
				);
				GCC_WARN_64_TO_32_BIT_CONVERSION = YES;
				GCC_WARN_ABOUT_RETURN_TYPE = YES_ERROR;
				GCC_WARN_UNDECLARED_SELECTOR = YES;
				GCC_WARN_UNINITIALIZED_AUTOS = YES_AGGRESSIVE;
				GCC_WARN_UNUSED_FUNCTION = YES;
				GCC_WARN_UNUSED_VARIABLE = YES;
				IPHONEOS_DEPLOYMENT_TARGET = 14.0;
				MTL_ENABLE_DEBUG_INFO = INCLUDE_SOURCE;
				MTL_FAST_MATH = YES;
				ONLY_ACTIVE_ARCH = YES;
				SDKROOT = iphoneos;
				SWIFT_ACTIVE_COMPILATION_CONDITIONS = DEBUG;
				SWIFT_OPTIMIZATION_LEVEL = "-Onone";
			};
			name = Debug;
		};
		4C3BE5B92549B3250027E0CA /* Release */ = {
			isa = XCBuildConfiguration;
			buildSettings = {
				ALWAYS_SEARCH_USER_PATHS = NO;
				CLANG_ANALYZER_NONNULL = YES;
				CLANG_ANALYZER_NUMBER_OBJECT_CONVERSION = YES_AGGRESSIVE;
				CLANG_CXX_LANGUAGE_STANDARD = "gnu++14";
				CLANG_CXX_LIBRARY = "libc++";
				CLANG_ENABLE_MODULES = YES;
				CLANG_ENABLE_OBJC_ARC = YES;
				CLANG_ENABLE_OBJC_WEAK = YES;
				CLANG_WARN_BLOCK_CAPTURE_AUTORELEASING = YES;
				CLANG_WARN_BOOL_CONVERSION = YES;
				CLANG_WARN_COMMA = YES;
				CLANG_WARN_CONSTANT_CONVERSION = YES;
				CLANG_WARN_DEPRECATED_OBJC_IMPLEMENTATIONS = YES;
				CLANG_WARN_DIRECT_OBJC_ISA_USAGE = YES_ERROR;
				CLANG_WARN_DOCUMENTATION_COMMENTS = YES;
				CLANG_WARN_EMPTY_BODY = YES;
				CLANG_WARN_ENUM_CONVERSION = YES;
				CLANG_WARN_INFINITE_RECURSION = YES;
				CLANG_WARN_INT_CONVERSION = YES;
				CLANG_WARN_NON_LITERAL_NULL_CONVERSION = YES;
				CLANG_WARN_OBJC_IMPLICIT_RETAIN_SELF = YES;
				CLANG_WARN_OBJC_LITERAL_CONVERSION = YES;
				CLANG_WARN_OBJC_ROOT_CLASS = YES_ERROR;
				CLANG_WARN_QUOTED_INCLUDE_IN_FRAMEWORK_HEADER = YES;
				CLANG_WARN_RANGE_LOOP_ANALYSIS = YES;
				CLANG_WARN_STRICT_PROTOTYPES = YES;
				CLANG_WARN_SUSPICIOUS_MOVE = YES;
				CLANG_WARN_UNGUARDED_AVAILABILITY = YES_AGGRESSIVE;
				CLANG_WARN_UNREACHABLE_CODE = YES;
				CLANG_WARN__DUPLICATE_METHOD_MATCH = YES;
				COPY_PHASE_STRIP = NO;
				DEBUG_INFORMATION_FORMAT = "dwarf-with-dsym";
				ENABLE_NS_ASSERTIONS = NO;
				ENABLE_STRICT_OBJC_MSGSEND = YES;
				GCC_C_LANGUAGE_STANDARD = gnu11;
				GCC_NO_COMMON_BLOCKS = YES;
				GCC_WARN_64_TO_32_BIT_CONVERSION = YES;
				GCC_WARN_ABOUT_RETURN_TYPE = YES_ERROR;
				GCC_WARN_UNDECLARED_SELECTOR = YES;
				GCC_WARN_UNINITIALIZED_AUTOS = YES_AGGRESSIVE;
				GCC_WARN_UNUSED_FUNCTION = YES;
				GCC_WARN_UNUSED_VARIABLE = YES;
				IPHONEOS_DEPLOYMENT_TARGET = 14.0;
				MTL_ENABLE_DEBUG_INFO = NO;
				MTL_FAST_MATH = YES;
				SDKROOT = iphoneos;
				SWIFT_COMPILATION_MODE = wholemodule;
				SWIFT_OPTIMIZATION_LEVEL = "-O";
				VALIDATE_PRODUCT = YES;
			};
			name = Release;
		};
		4C3BE5BB2549B3250027E0CA /* Debug */ = {
			isa = XCBuildConfiguration;
			buildSettings = {
				ASSETCATALOG_COMPILER_APPICON_NAME = AppIcon;
				ASSETCATALOG_COMPILER_GLOBAL_ACCENT_COLOR_NAME = AccentColor;
				CODE_SIGN_STYLE = Automatic;
				INFOPLIST_FILE = dsa/Info.plist;
				LD_RUNPATH_SEARCH_PATHS = (
					"$(inherited)",
					"@executable_path/Frameworks",
				);
				PRODUCT_BUNDLE_IDENTIFIER = lestad.dsa;
				PRODUCT_NAME = "$(TARGET_NAME)";
				SWIFT_VERSION = 5.0;
				TARGETED_DEVICE_FAMILY = "1,2";
			};
			name = Debug;
		};
		4C3BE5BC2549B3250027E0CA /* Release */ = {
			isa = XCBuildConfiguration;
			buildSettings = {
				ASSETCATALOG_COMPILER_APPICON_NAME = AppIcon;
				ASSETCATALOG_COMPILER_GLOBAL_ACCENT_COLOR_NAME = AccentColor;
				CODE_SIGN_STYLE = Automatic;
				INFOPLIST_FILE = dsa/Info.plist;
				LD_RUNPATH_SEARCH_PATHS = (
					"$(inherited)",
					"@executable_path/Frameworks",
				);
				PRODUCT_BUNDLE_IDENTIFIER = lestad.dsa;
				PRODUCT_NAME = "$(TARGET_NAME)";
				SWIFT_VERSION = 5.0;
				TARGETED_DEVICE_FAMILY = "1,2";
			};
			name = Release;
		};
		4C3BE5BE2549B3250027E0CA /* Debug */ = {
			isa = XCBuildConfiguration;
			buildSettings = {
				ALWAYS_EMBED_SWIFT_STANDARD_LIBRARIES = YES;
				BUNDLE_LOADER = "$(TEST_HOST)";
				CODE_SIGN_STYLE = Automatic;
				INFOPLIST_FILE = dsaTests/Info.plist;
				IPHONEOS_DEPLOYMENT_TARGET = 14.0;
				LD_RUNPATH_SEARCH_PATHS = (
					"$(inherited)",
					"@executable_path/Frameworks",
					"@loader_path/Frameworks",
				);
				PRODUCT_BUNDLE_IDENTIFIER = lestad.dsaTests;
				PRODUCT_NAME = "$(TARGET_NAME)";
				SWIFT_VERSION = 5.0;
				TARGETED_DEVICE_FAMILY = "1,2";
				TEST_HOST = "$(BUILT_PRODUCTS_DIR)/dsa.app/dsa";
			};
			name = Debug;
		};
		4C3BE5BF2549B3250027E0CA /* Release */ = {
			isa = XCBuildConfiguration;
			buildSettings = {
				ALWAYS_EMBED_SWIFT_STANDARD_LIBRARIES = YES;
				BUNDLE_LOADER = "$(TEST_HOST)";
				CODE_SIGN_STYLE = Automatic;
				INFOPLIST_FILE = dsaTests/Info.plist;
				IPHONEOS_DEPLOYMENT_TARGET = 14.0;
				LD_RUNPATH_SEARCH_PATHS = (
					"$(inherited)",
					"@executable_path/Frameworks",
					"@loader_path/Frameworks",
				);
				PRODUCT_BUNDLE_IDENTIFIER = lestad.dsaTests;
				PRODUCT_NAME = "$(TARGET_NAME)";
				SWIFT_VERSION = 5.0;
				TARGETED_DEVICE_FAMILY = "1,2";
				TEST_HOST = "$(BUILT_PRODUCTS_DIR)/dsa.app/dsa";
			};
			name = Release;
		};
		4C3BE5C12549B3250027E0CA /* Debug */ = {
			isa = XCBuildConfiguration;
			buildSettings = {
				ALWAYS_EMBED_SWIFT_STANDARD_LIBRARIES = YES;
				CODE_SIGN_STYLE = Automatic;
				INFOPLIST_FILE = dsaUITests/Info.plist;
				LD_RUNPATH_SEARCH_PATHS = (
					"$(inherited)",
					"@executable_path/Frameworks",
					"@loader_path/Frameworks",
				);
				PRODUCT_BUNDLE_IDENTIFIER = lestad.dsaUITests;
				PRODUCT_NAME = "$(TARGET_NAME)";
				SWIFT_VERSION = 5.0;
				TARGETED_DEVICE_FAMILY = "1,2";
				TEST_TARGET_NAME = dsa;
			};
			name = Debug;
		};
		4C3BE5C22549B3250027E0CA /* Release */ = {
			isa = XCBuildConfiguration;
			buildSettings = {
				ALWAYS_EMBED_SWIFT_STANDARD_LIBRARIES = YES;
				CODE_SIGN_STYLE = Automatic;
				INFOPLIST_FILE = dsaUITests/Info.plist;
				LD_RUNPATH_SEARCH_PATHS = (
					"$(inherited)",
					"@executable_path/Frameworks",
					"@loader_path/Frameworks",
				);
				PRODUCT_BUNDLE_IDENTIFIER = lestad.dsaUITests;
				PRODUCT_NAME = "$(TARGET_NAME)";
				SWIFT_VERSION = 5.0;
				TARGETED_DEVICE_FAMILY = "1,2";
				TEST_TARGET_NAME = dsa;
			};
			name = Release;
		};
/* End XCBuildConfiguration section */

/* Begin XCConfigurationList section */
		4C3BE58B2549B3220027E0CA /* Build configuration list for PBXProject "dsa" */ = {
			isa = XCConfigurationList;
			buildConfigurations = (
				4C3BE5B82549B3250027E0CA /* Debug */,
				4C3BE5B92549B3250027E0CA /* Release */,
			);
			defaultConfigurationIsVisible = 0;
			defaultConfigurationName = Release;
		};
		4C3BE5BA2549B3250027E0CA /* Build configuration list for PBXNativeTarget "dsa" */ = {
			isa = XCConfigurationList;
			buildConfigurations = (
				4C3BE5BB2549B3250027E0CA /* Debug */,
				4C3BE5BC2549B3250027E0CA /* Release */,
			);
			defaultConfigurationIsVisible = 0;
			defaultConfigurationName = Release;
		};
		4C3BE5BD2549B3250027E0CA /* Build configuration list for PBXNativeTarget "dsaTests" */ = {
			isa = XCConfigurationList;
			buildConfigurations = (
				4C3BE5BE2549B3250027E0CA /* Debug */,
				4C3BE5BF2549B3250027E0CA /* Release */,
			);
			defaultConfigurationIsVisible = 0;
			defaultConfigurationName = Release;
		};
		4C3BE5C02549B3250027E0CA /* Build configuration list for PBXNativeTarget "dsaUITests" */ = {
			isa = XCConfigurationList;
			buildConfigurations = (
				4C3BE5C12549B3250027E0CA /* Debug */,
				4C3BE5C22549B3250027E0CA /* Release */,
			);
			defaultConfigurationIsVisible = 0;
			defaultConfigurationName = Release;
		};
/* End XCConfigurationList section */
	};
	rootObject = 4C3BE5882549B3220027E0CA /* Project object */;
}
