// !$*UTF8*$!
{
	archiveVersion = 1;
	classes = {
	};
	objectVersion = 50;
	objects = {

/* Begin PBXBuildFile section */
		4CDA459F25470A7800978E83 /* AppDelegate.swift in Sources */ = {isa = PBXBuildFile; fileRef = 4CDA459E25470A7800978E83 /* AppDelegate.swift */; };
		4CDA45A125470A7800978E83 /* SceneDelegate.swift in Sources */ = {isa = PBXBuildFile; fileRef = 4CDA45A025470A7800978E83 /* SceneDelegate.swift */; };
		4CDA45A325470A7800978E83 /* ViewController.swift in Sources */ = {isa = PBXBuildFile; fileRef = 4CDA45A225470A7800978E83 /* ViewController.swift */; };
		4CDA45A625470A7800978E83 /* Main.storyboard in Resources */ = {isa = PBXBuildFile; fileRef = 4CDA45A425470A7800978E83 /* Main.storyboard */; };
		4CDA45A825470A7A00978E83 /* Assets.xcassets in Resources */ = {isa = PBXBuildFile; fileRef = 4CDA45A725470A7A00978E83 /* Assets.xcassets */; };
		4CDA45AB25470A7A00978E83 /* LaunchScreen.storyboard in Resources */ = {isa = PBXBuildFile; fileRef = 4CDA45A925470A7A00978E83 /* LaunchScreen.storyboard */; };
		4CDA45B625470A7A00978E83 /* _6_10_tabbarTests.swift in Sources */ = {isa = PBXBuildFile; fileRef = 4CDA45B525470A7A00978E83 /* _6_10_tabbarTests.swift */; };
		4CDA45C125470A7B00978E83 /* _6_10_tabbarUITests.swift in Sources */ = {isa = PBXBuildFile; fileRef = 4CDA45C025470A7B00978E83 /* _6_10_tabbarUITests.swift */; };
		4CDA45D325470AD900978E83 /* Contato.storyboard in Resources */ = {isa = PBXBuildFile; fileRef = 4CDA45D225470AD900978E83 /* Contato.storyboard */; };
		4CDA45D825470AEF00978E83 /* ContatoViewController.swift in Sources */ = {isa = PBXBuildFile; fileRef = 4CDA45D725470AEF00978E83 /* ContatoViewController.swift */; };
		4CDA45DE25470C5A00978E83 /* Car.swift in Sources */ = {isa = PBXBuildFile; fileRef = 4CDA45DD25470C5A00978E83 /* Car.swift */; };
		4CDA45E725470D0700978E83 /* CarTableViewCell.swift in Sources */ = {isa = PBXBuildFile; fileRef = 4CDA45E625470D0700978E83 /* CarTableViewCell.swift */; };
		4CDA45EF25470DFC00978E83 /* Contato.swift in Sources */ = {isa = PBXBuildFile; fileRef = 4CDA45EE25470DFC00978E83 /* Contato.swift */; };
		4CDA45F425470F3200978E83 /* contatoTableViewCell.swift in Sources */ = {isa = PBXBuildFile; fileRef = 4CDA45F325470F3200978E83 /* contatoTableViewCell.swift */; };
		4CDA45FA254711E700978E83 /* CarDetail.storyboard in Resources */ = {isa = PBXBuildFile; fileRef = 4CDA45F9254711E700978E83 /* CarDetail.storyboard */; };
		4CDA45FF254711F900978E83 /* CarDetailViewController.swift in Sources */ = {isa = PBXBuildFile; fileRef = 4CDA45FE254711F900978E83 /* CarDetailViewController.swift */; };
/* End PBXBuildFile section */

/* Begin PBXContainerItemProxy section */
		4CDA45B225470A7A00978E83 /* PBXContainerItemProxy */ = {
			isa = PBXContainerItemProxy;
			containerPortal = 4CDA459325470A7700978E83 /* Project object */;
			proxyType = 1;
			remoteGlobalIDString = 4CDA459A25470A7800978E83;
			remoteInfo = 26_10_tabbar;
		};
		4CDA45BD25470A7B00978E83 /* PBXContainerItemProxy */ = {
			isa = PBXContainerItemProxy;
			containerPortal = 4CDA459325470A7700978E83 /* Project object */;
			proxyType = 1;
			remoteGlobalIDString = 4CDA459A25470A7800978E83;
			remoteInfo = 26_10_tabbar;
		};
/* End PBXContainerItemProxy section */

/* Begin PBXFileReference section */
		4CDA459B25470A7800978E83 /* 26_10_tabbar.app */ = {isa = PBXFileReference; explicitFileType = wrapper.application; includeInIndex = 0; path = 26_10_tabbar.app; sourceTree = BUILT_PRODUCTS_DIR; };
		4CDA459E25470A7800978E83 /* AppDelegate.swift */ = {isa = PBXFileReference; lastKnownFileType = sourcecode.swift; path = AppDelegate.swift; sourceTree = "<group>"; };
		4CDA45A025470A7800978E83 /* SceneDelegate.swift */ = {isa = PBXFileReference; lastKnownFileType = sourcecode.swift; path = SceneDelegate.swift; sourceTree = "<group>"; };
		4CDA45A225470A7800978E83 /* ViewController.swift */ = {isa = PBXFileReference; lastKnownFileType = sourcecode.swift; path = ViewController.swift; sourceTree = "<group>"; };
		4CDA45A525470A7800978E83 /* Base */ = {isa = PBXFileReference; lastKnownFileType = file.storyboard; name = Base; path = Base.lproj/Main.storyboard; sourceTree = "<group>"; };
		4CDA45A725470A7A00978E83 /* Assets.xcassets */ = {isa = PBXFileReference; lastKnownFileType = folder.assetcatalog; path = Assets.xcassets; sourceTree = "<group>"; };
		4CDA45AA25470A7A00978E83 /* Base */ = {isa = PBXFileReference; lastKnownFileType = file.storyboard; name = Base; path = Base.lproj/LaunchScreen.storyboard; sourceTree = "<group>"; };
		4CDA45AC25470A7A00978E83 /* Info.plist */ = {isa = PBXFileReference; lastKnownFileType = text.plist.xml; path = Info.plist; sourceTree = "<group>"; };
		4CDA45B125470A7A00978E83 /* 26_10_tabbarTests.xctest */ = {isa = PBXFileReference; explicitFileType = wrapper.cfbundle; includeInIndex = 0; path = 26_10_tabbarTests.xctest; sourceTree = BUILT_PRODUCTS_DIR; };
		4CDA45B525470A7A00978E83 /* _6_10_tabbarTests.swift */ = {isa = PBXFileReference; lastKnownFileType = sourcecode.swift; path = _6_10_tabbarTests.swift; sourceTree = "<group>"; };
		4CDA45B725470A7A00978E83 /* Info.plist */ = {isa = PBXFileReference; lastKnownFileType = text.plist.xml; path = Info.plist; sourceTree = "<group>"; };
		4CDA45BC25470A7B00978E83 /* 26_10_tabbarUITests.xctest */ = {isa = PBXFileReference; explicitFileType = wrapper.cfbundle; includeInIndex = 0; path = 26_10_tabbarUITests.xctest; sourceTree = BUILT_PRODUCTS_DIR; };
		4CDA45C025470A7B00978E83 /* _6_10_tabbarUITests.swift */ = {isa = PBXFileReference; lastKnownFileType = sourcecode.swift; path = _6_10_tabbarUITests.swift; sourceTree = "<group>"; };
		4CDA45C225470A7B00978E83 /* Info.plist */ = {isa = PBXFileReference; lastKnownFileType = text.plist.xml; path = Info.plist; sourceTree = "<group>"; };
		4CDA45D225470AD900978E83 /* Contato.storyboard */ = {isa = PBXFileReference; lastKnownFileType = file.storyboard; path = Contato.storyboard; sourceTree = "<group>"; };
		4CDA45D725470AEF00978E83 /* ContatoViewController.swift */ = {isa = PBXFileReference; lastKnownFileType = sourcecode.swift; path = ContatoViewController.swift; sourceTree = "<group>"; };
		4CDA45DD25470C5A00978E83 /* Car.swift */ = {isa = PBXFileReference; lastKnownFileType = sourcecode.swift; path = Car.swift; sourceTree = "<group>"; };
		4CDA45E625470D0700978E83 /* CarTableViewCell.swift */ = {isa = PBXFileReference; lastKnownFileType = sourcecode.swift; path = CarTableViewCell.swift; sourceTree = "<group>"; };
		4CDA45EE25470DFC00978E83 /* Contato.swift */ = {isa = PBXFileReference; lastKnownFileType = sourcecode.swift; path = Contato.swift; sourceTree = "<group>"; };
		4CDA45F325470F3200978E83 /* contatoTableViewCell.swift */ = {isa = PBXFileReference; lastKnownFileType = sourcecode.swift; path = contatoTableViewCell.swift; sourceTree = "<group>"; };
		4CDA45F9254711E700978E83 /* CarDetail.storyboard */ = {isa = PBXFileReference; lastKnownFileType = file.storyboard; path = CarDetail.storyboard; sourceTree = "<group>"; };
		4CDA45FE254711F900978E83 /* CarDetailViewController.swift */ = {isa = PBXFileReference; lastKnownFileType = sourcecode.swift; path = CarDetailViewController.swift; sourceTree = "<group>"; };
/* End PBXFileReference section */

/* Begin PBXFrameworksBuildPhase section */
		4CDA459825470A7800978E83 /* Frameworks */ = {
			isa = PBXFrameworksBuildPhase;
			buildActionMask = 2147483647;
			files = (
			);
			runOnlyForDeploymentPostprocessing = 0;
		};
		4CDA45AE25470A7A00978E83 /* Frameworks */ = {
			isa = PBXFrameworksBuildPhase;
			buildActionMask = 2147483647;
			files = (
			);
			runOnlyForDeploymentPostprocessing = 0;
		};
		4CDA45B925470A7B00978E83 /* Frameworks */ = {
			isa = PBXFrameworksBuildPhase;
			buildActionMask = 2147483647;
			files = (
			);
			runOnlyForDeploymentPostprocessing = 0;
		};
/* End PBXFrameworksBuildPhase section */

/* Begin PBXGroup section */
		4CDA459225470A7700978E83 = {
			isa = PBXGroup;
			children = (
				4CDA459D25470A7800978E83 /* 26_10_tabbar */,
				4CDA45B425470A7A00978E83 /* 26_10_tabbarTests */,
				4CDA45BF25470A7B00978E83 /* 26_10_tabbarUITests */,
				4CDA459C25470A7800978E83 /* Products */,
			);
			sourceTree = "<group>";
		};
		4CDA459C25470A7800978E83 /* Products */ = {
			isa = PBXGroup;
			children = (
				4CDA459B25470A7800978E83 /* 26_10_tabbar.app */,
				4CDA45B125470A7A00978E83 /* 26_10_tabbarTests.xctest */,
				4CDA45BC25470A7B00978E83 /* 26_10_tabbarUITests.xctest */,
			);
			name = Products;
			sourceTree = "<group>";
		};
		4CDA459D25470A7800978E83 /* 26_10_tabbar */ = {
			isa = PBXGroup;
			children = (
				4CDA45F8254711D800978E83 /* CarDetails */,
				4CDA45E525470CF200978E83 /* cells */,
				4CDA45DC25470C4D00978E83 /* class */,
				4CDA45D125470AC600978E83 /* contato */,
				4CDA459E25470A7800978E83 /* AppDelegate.swift */,
				4CDA45A025470A7800978E83 /* SceneDelegate.swift */,
				4CDA45A225470A7800978E83 /* ViewController.swift */,
				4CDA45A425470A7800978E83 /* Main.storyboard */,
				4CDA45A725470A7A00978E83 /* Assets.xcassets */,
				4CDA45A925470A7A00978E83 /* LaunchScreen.storyboard */,
				4CDA45AC25470A7A00978E83 /* Info.plist */,
			);
			path = 26_10_tabbar;
			sourceTree = "<group>";
		};
		4CDA45B425470A7A00978E83 /* 26_10_tabbarTests */ = {
			isa = PBXGroup;
			children = (
				4CDA45B525470A7A00978E83 /* _6_10_tabbarTests.swift */,
				4CDA45B725470A7A00978E83 /* Info.plist */,
			);
			path = 26_10_tabbarTests;
			sourceTree = "<group>";
		};
		4CDA45BF25470A7B00978E83 /* 26_10_tabbarUITests */ = {
			isa = PBXGroup;
			children = (
				4CDA45C025470A7B00978E83 /* _6_10_tabbarUITests.swift */,
				4CDA45C225470A7B00978E83 /* Info.plist */,
			);
			path = 26_10_tabbarUITests;
			sourceTree = "<group>";
		};
		4CDA45D125470AC600978E83 /* contato */ = {
			isa = PBXGroup;
			children = (
				4CDA45D225470AD900978E83 /* Contato.storyboard */,
				4CDA45D725470AEF00978E83 /* ContatoViewController.swift */,
			);
			path = contato;
			sourceTree = "<group>";
		};
		4CDA45DC25470C4D00978E83 /* class */ = {
			isa = PBXGroup;
			children = (
				4CDA45DD25470C5A00978E83 /* Car.swift */,
				4CDA45EE25470DFC00978E83 /* Contato.swift */,
			);
			path = class;
			sourceTree = "<group>";
		};
		4CDA45E525470CF200978E83 /* cells */ = {
			isa = PBXGroup;
			children = (
				4CDA45E625470D0700978E83 /* CarTableViewCell.swift */,
				4CDA45F325470F3200978E83 /* contatoTableViewCell.swift */,
			);
			path = cells;
			sourceTree = "<group>";
		};
		4CDA45F8254711D800978E83 /* CarDetails */ = {
			isa = PBXGroup;
			children = (
				4CDA45F9254711E700978E83 /* CarDetail.storyboard */,
				4CDA45FE254711F900978E83 /* CarDetailViewController.swift */,
			);
			path = CarDetails;
			sourceTree = "<group>";
		};
/* End PBXGroup section */

/* Begin PBXNativeTarget section */
		4CDA459A25470A7800978E83 /* 26_10_tabbar */ = {
			isa = PBXNativeTarget;
			buildConfigurationList = 4CDA45C525470A7B00978E83 /* Build configuration list for PBXNativeTarget "26_10_tabbar" */;
			buildPhases = (
				4CDA459725470A7800978E83 /* Sources */,
				4CDA459825470A7800978E83 /* Frameworks */,
				4CDA459925470A7800978E83 /* Resources */,
			);
			buildRules = (
			);
			dependencies = (
			);
			name = 26_10_tabbar;
			productName = 26_10_tabbar;
			productReference = 4CDA459B25470A7800978E83 /* 26_10_tabbar.app */;
			productType = "com.apple.product-type.application";
		};
		4CDA45B025470A7A00978E83 /* 26_10_tabbarTests */ = {
			isa = PBXNativeTarget;
			buildConfigurationList = 4CDA45C825470A7B00978E83 /* Build configuration list for PBXNativeTarget "26_10_tabbarTests" */;
			buildPhases = (
				4CDA45AD25470A7A00978E83 /* Sources */,
				4CDA45AE25470A7A00978E83 /* Frameworks */,
				4CDA45AF25470A7A00978E83 /* Resources */,
			);
			buildRules = (
			);
			dependencies = (
				4CDA45B325470A7A00978E83 /* PBXTargetDependency */,
			);
			name = 26_10_tabbarTests;
			productName = 26_10_tabbarTests;
			productReference = 4CDA45B125470A7A00978E83 /* 26_10_tabbarTests.xctest */;
			productType = "com.apple.product-type.bundle.unit-test";
		};
		4CDA45BB25470A7B00978E83 /* 26_10_tabbarUITests */ = {
			isa = PBXNativeTarget;
			buildConfigurationList = 4CDA45CB25470A7B00978E83 /* Build configuration list for PBXNativeTarget "26_10_tabbarUITests" */;
			buildPhases = (
				4CDA45B825470A7B00978E83 /* Sources */,
				4CDA45B925470A7B00978E83 /* Frameworks */,
				4CDA45BA25470A7B00978E83 /* Resources */,
			);
			buildRules = (
			);
			dependencies = (
				4CDA45BE25470A7B00978E83 /* PBXTargetDependency */,
			);
			name = 26_10_tabbarUITests;
			productName = 26_10_tabbarUITests;
			productReference = 4CDA45BC25470A7B00978E83 /* 26_10_tabbarUITests.xctest */;
			productType = "com.apple.product-type.bundle.ui-testing";
		};
/* End PBXNativeTarget section */

/* Begin PBXProject section */
		4CDA459325470A7700978E83 /* Project object */ = {
			isa = PBXProject;
			attributes = {
				LastSwiftUpdateCheck = 1200;
				LastUpgradeCheck = 1200;
				TargetAttributes = {
					4CDA459A25470A7800978E83 = {
						CreatedOnToolsVersion = 12.0;
					};
					4CDA45B025470A7A00978E83 = {
						CreatedOnToolsVersion = 12.0;
						TestTargetID = 4CDA459A25470A7800978E83;
					};
					4CDA45BB25470A7B00978E83 = {
						CreatedOnToolsVersion = 12.0;
						TestTargetID = 4CDA459A25470A7800978E83;
					};
				};
			};
			buildConfigurationList = 4CDA459625470A7700978E83 /* Build configuration list for PBXProject "26_10_tabbar" */;
			compatibilityVersion = "Xcode 9.3";
			developmentRegion = en;
			hasScannedForEncodings = 0;
			knownRegions = (
				en,
				Base,
			);
			mainGroup = 4CDA459225470A7700978E83;
			productRefGroup = 4CDA459C25470A7800978E83 /* Products */;
			projectDirPath = "";
			projectRoot = "";
			targets = (
				4CDA459A25470A7800978E83 /* 26_10_tabbar */,
				4CDA45B025470A7A00978E83 /* 26_10_tabbarTests */,
				4CDA45BB25470A7B00978E83 /* 26_10_tabbarUITests */,
			);
		};
/* End PBXProject section */

/* Begin PBXResourcesBuildPhase section */
		4CDA459925470A7800978E83 /* Resources */ = {
			isa = PBXResourcesBuildPhase;
			buildActionMask = 2147483647;
			files = (
				4CDA45AB25470A7A00978E83 /* LaunchScreen.storyboard in Resources */,
				4CDA45FA254711E700978E83 /* CarDetail.storyboard in Resources */,
				4CDA45D325470AD900978E83 /* Contato.storyboard in Resources */,
				4CDA45A825470A7A00978E83 /* Assets.xcassets in Resources */,
				4CDA45A625470A7800978E83 /* Main.storyboard in Resources */,
			);
			runOnlyForDeploymentPostprocessing = 0;
		};
		4CDA45AF25470A7A00978E83 /* Resources */ = {
			isa = PBXResourcesBuildPhase;
			buildActionMask = 2147483647;
			files = (
			);
			runOnlyForDeploymentPostprocessing = 0;
		};
		4CDA45BA25470A7B00978E83 /* Resources */ = {
			isa = PBXResourcesBuildPhase;
			buildActionMask = 2147483647;
			files = (
			);
			runOnlyForDeploymentPostprocessing = 0;
		};
/* End PBXResourcesBuildPhase section */

/* Begin PBXSourcesBuildPhase section */
		4CDA459725470A7800978E83 /* Sources */ = {
			isa = PBXSourcesBuildPhase;
			buildActionMask = 2147483647;
			files = (
				4CDA45F425470F3200978E83 /* contatoTableViewCell.swift in Sources */,
				4CDA45EF25470DFC00978E83 /* Contato.swift in Sources */,
				4CDA45A325470A7800978E83 /* ViewController.swift in Sources */,
				4CDA45D825470AEF00978E83 /* ContatoViewController.swift in Sources */,
				4CDA45E725470D0700978E83 /* CarTableViewCell.swift in Sources */,
				4CDA45FF254711F900978E83 /* CarDetailViewController.swift in Sources */,
				4CDA45DE25470C5A00978E83 /* Car.swift in Sources */,
				4CDA459F25470A7800978E83 /* AppDelegate.swift in Sources */,
				4CDA45A125470A7800978E83 /* SceneDelegate.swift in Sources */,
			);
			runOnlyForDeploymentPostprocessing = 0;
		};
		4CDA45AD25470A7A00978E83 /* Sources */ = {
			isa = PBXSourcesBuildPhase;
			buildActionMask = 2147483647;
			files = (
				4CDA45B625470A7A00978E83 /* _6_10_tabbarTests.swift in Sources */,
			);
			runOnlyForDeploymentPostprocessing = 0;
		};
		4CDA45B825470A7B00978E83 /* Sources */ = {
			isa = PBXSourcesBuildPhase;
			buildActionMask = 2147483647;
			files = (
				4CDA45C125470A7B00978E83 /* _6_10_tabbarUITests.swift in Sources */,
			);
			runOnlyForDeploymentPostprocessing = 0;
		};
/* End PBXSourcesBuildPhase section */

/* Begin PBXTargetDependency section */
		4CDA45B325470A7A00978E83 /* PBXTargetDependency */ = {
			isa = PBXTargetDependency;
			target = 4CDA459A25470A7800978E83 /* 26_10_tabbar */;
			targetProxy = 4CDA45B225470A7A00978E83 /* PBXContainerItemProxy */;
		};
		4CDA45BE25470A7B00978E83 /* PBXTargetDependency */ = {
			isa = PBXTargetDependency;
			target = 4CDA459A25470A7800978E83 /* 26_10_tabbar */;
			targetProxy = 4CDA45BD25470A7B00978E83 /* PBXContainerItemProxy */;
		};
/* End PBXTargetDependency section */

/* Begin PBXVariantGroup section */
		4CDA45A425470A7800978E83 /* Main.storyboard */ = {
			isa = PBXVariantGroup;
			children = (
				4CDA45A525470A7800978E83 /* Base */,
			);
			name = Main.storyboard;
			sourceTree = "<group>";
		};
		4CDA45A925470A7A00978E83 /* LaunchScreen.storyboard */ = {
			isa = PBXVariantGroup;
			children = (
				4CDA45AA25470A7A00978E83 /* Base */,
			);
			name = LaunchScreen.storyboard;
			sourceTree = "<group>";
		};
/* End PBXVariantGroup section */

/* Begin XCBuildConfiguration section */
		4CDA45C325470A7B00978E83 /* Debug */ = {
			isa = XCBuildConfiguration;
			buildSettings = {
				ALWAYS_SEARCH_USER_PATHS = NO;
				CLANG_ANALYZER_NONNULL = YES;
				CLANG_ANALYZER_NUMBER_OBJECT_CONVERSION = YES_AGGRESSIVE;
				CLANG_CXX_LANGUAGE_STANDARD = "gnu++14";
				CLANG_CXX_LIBRARY = "libc++";
				CLANG_ENABLE_MODULES = YES;
				CLANG_ENABLE_OBJC_ARC = YES;
				CLANG_ENABLE_OBJC_WEAK = YES;
				CLANG_WARN_BLOCK_CAPTURE_AUTORELEASING = YES;
				CLANG_WARN_BOOL_CONVERSION = YES;
				CLANG_WARN_COMMA = YES;
				CLANG_WARN_CONSTANT_CONVERSION = YES;
				CLANG_WARN_DEPRECATED_OBJC_IMPLEMENTATIONS = YES;
				CLANG_WARN_DIRECT_OBJC_ISA_USAGE = YES_ERROR;
				CLANG_WARN_DOCUMENTATION_COMMENTS = YES;
				CLANG_WARN_EMPTY_BODY = YES;
				CLANG_WARN_ENUM_CONVERSION = YES;
				CLANG_WARN_INFINITE_RECURSION = YES;
				CLANG_WARN_INT_CONVERSION = YES;
				CLANG_WARN_NON_LITERAL_NULL_CONVERSION = YES;
				CLANG_WARN_OBJC_IMPLICIT_RETAIN_SELF = YES;
				CLANG_WARN_OBJC_LITERAL_CONVERSION = YES;
				CLANG_WARN_OBJC_ROOT_CLASS = YES_ERROR;
				CLANG_WARN_QUOTED_INCLUDE_IN_FRAMEWORK_HEADER = YES;
				CLANG_WARN_RANGE_LOOP_ANALYSIS = YES;
				CLANG_WARN_STRICT_PROTOTYPES = YES;
				CLANG_WARN_SUSPICIOUS_MOVE = YES;
				CLANG_WARN_UNGUARDED_AVAILABILITY = YES_AGGRESSIVE;
				CLANG_WARN_UNREACHABLE_CODE = YES;
				CLANG_WARN__DUPLICATE_METHOD_MATCH = YES;
				COPY_PHASE_STRIP = NO;
				DEBUG_INFORMATION_FORMAT = dwarf;
				ENABLE_STRICT_OBJC_MSGSEND = YES;
				ENABLE_TESTABILITY = YES;
				GCC_C_LANGUAGE_STANDARD = gnu11;
				GCC_DYNAMIC_NO_PIC = NO;
				GCC_NO_COMMON_BLOCKS = YES;
				GCC_OPTIMIZATION_LEVEL = 0;
				GCC_PREPROCESSOR_DEFINITIONS = (
					"DEBUG=1",
					"$(inherited)",
				);
				GCC_WARN_64_TO_32_BIT_CONVERSION = YES;
				GCC_WARN_ABOUT_RETURN_TYPE = YES_ERROR;
				GCC_WARN_UNDECLARED_SELECTOR = YES;
				GCC_WARN_UNINITIALIZED_AUTOS = YES_AGGRESSIVE;
				GCC_WARN_UNUSED_FUNCTION = YES;
				GCC_WARN_UNUSED_VARIABLE = YES;
				IPHONEOS_DEPLOYMENT_TARGET = 14.0;
				MTL_ENABLE_DEBUG_INFO = INCLUDE_SOURCE;
				MTL_FAST_MATH = YES;
				ONLY_ACTIVE_ARCH = YES;
				SDKROOT = iphoneos;
				SWIFT_ACTIVE_COMPILATION_CONDITIONS = DEBUG;
				SWIFT_OPTIMIZATION_LEVEL = "-Onone";
			};
			name = Debug;
		};
		4CDA45C425470A7B00978E83 /* Release */ = {
			isa = XCBuildConfiguration;
			buildSettings = {
				ALWAYS_SEARCH_USER_PATHS = NO;
				CLANG_ANALYZER_NONNULL = YES;
				CLANG_ANALYZER_NUMBER_OBJECT_CONVERSION = YES_AGGRESSIVE;
				CLANG_CXX_LANGUAGE_STANDARD = "gnu++14";
				CLANG_CXX_LIBRARY = "libc++";
				CLANG_ENABLE_MODULES = YES;
				CLANG_ENABLE_OBJC_ARC = YES;
				CLANG_ENABLE_OBJC_WEAK = YES;
				CLANG_WARN_BLOCK_CAPTURE_AUTORELEASING = YES;
				CLANG_WARN_BOOL_CONVERSION = YES;
				CLANG_WARN_COMMA = YES;
				CLANG_WARN_CONSTANT_CONVERSION = YES;
				CLANG_WARN_DEPRECATED_OBJC_IMPLEMENTATIONS = YES;
				CLANG_WARN_DIRECT_OBJC_ISA_USAGE = YES_ERROR;
				CLANG_WARN_DOCUMENTATION_COMMENTS = YES;
				CLANG_WARN_EMPTY_BODY = YES;
				CLANG_WARN_ENUM_CONVERSION = YES;
				CLANG_WARN_INFINITE_RECURSION = YES;
				CLANG_WARN_INT_CONVERSION = YES;
				CLANG_WARN_NON_LITERAL_NULL_CONVERSION = YES;
				CLANG_WARN_OBJC_IMPLICIT_RETAIN_SELF = YES;
				CLANG_WARN_OBJC_LITERAL_CONVERSION = YES;
				CLANG_WARN_OBJC_ROOT_CLASS = YES_ERROR;
				CLANG_WARN_QUOTED_INCLUDE_IN_FRAMEWORK_HEADER = YES;
				CLANG_WARN_RANGE_LOOP_ANALYSIS = YES;
				CLANG_WARN_STRICT_PROTOTYPES = YES;
				CLANG_WARN_SUSPICIOUS_MOVE = YES;
				CLANG_WARN_UNGUARDED_AVAILABILITY = YES_AGGRESSIVE;
				CLANG_WARN_UNREACHABLE_CODE = YES;
				CLANG_WARN__DUPLICATE_METHOD_MATCH = YES;
				COPY_PHASE_STRIP = NO;
				DEBUG_INFORMATION_FORMAT = "dwarf-with-dsym";
				ENABLE_NS_ASSERTIONS = NO;
				ENABLE_STRICT_OBJC_MSGSEND = YES;
				GCC_C_LANGUAGE_STANDARD = gnu11;
				GCC_NO_COMMON_BLOCKS = YES;
				GCC_WARN_64_TO_32_BIT_CONVERSION = YES;
				GCC_WARN_ABOUT_RETURN_TYPE = YES_ERROR;
				GCC_WARN_UNDECLARED_SELECTOR = YES;
				GCC_WARN_UNINITIALIZED_AUTOS = YES_AGGRESSIVE;
				GCC_WARN_UNUSED_FUNCTION = YES;
				GCC_WARN_UNUSED_VARIABLE = YES;
				IPHONEOS_DEPLOYMENT_TARGET = 14.0;
				MTL_ENABLE_DEBUG_INFO = NO;
				MTL_FAST_MATH = YES;
				SDKROOT = iphoneos;
				SWIFT_COMPILATION_MODE = wholemodule;
				SWIFT_OPTIMIZATION_LEVEL = "-O";
				VALIDATE_PRODUCT = YES;
			};
			name = Release;
		};
		4CDA45C625470A7B00978E83 /* Debug */ = {
			isa = XCBuildConfiguration;
			buildSettings = {
				ASSETCATALOG_COMPILER_APPICON_NAME = AppIcon;
				ASSETCATALOG_COMPILER_GLOBAL_ACCENT_COLOR_NAME = AccentColor;
				CODE_SIGN_STYLE = Automatic;
				INFOPLIST_FILE = 26_10_tabbar/Info.plist;
				LD_RUNPATH_SEARCH_PATHS = (
					"$(inherited)",
					"@executable_path/Frameworks",
				);
				PRODUCT_BUNDLE_IDENTIFIER = "lestad.-6-10-tabbar";
				PRODUCT_NAME = "$(TARGET_NAME)";
				SWIFT_VERSION = 5.0;
				TARGETED_DEVICE_FAMILY = "1,2";
			};
			name = Debug;
		};
		4CDA45C725470A7B00978E83 /* Release */ = {
			isa = XCBuildConfiguration;
			buildSettings = {
				ASSETCATALOG_COMPILER_APPICON_NAME = AppIcon;
				ASSETCATALOG_COMPILER_GLOBAL_ACCENT_COLOR_NAME = AccentColor;
				CODE_SIGN_STYLE = Automatic;
				INFOPLIST_FILE = 26_10_tabbar/Info.plist;
				LD_RUNPATH_SEARCH_PATHS = (
					"$(inherited)",
					"@executable_path/Frameworks",
				);
				PRODUCT_BUNDLE_IDENTIFIER = "lestad.-6-10-tabbar";
				PRODUCT_NAME = "$(TARGET_NAME)";
				SWIFT_VERSION = 5.0;
				TARGETED_DEVICE_FAMILY = "1,2";
			};
			name = Release;
		};
		4CDA45C925470A7B00978E83 /* Debug */ = {
			isa = XCBuildConfiguration;
			buildSettings = {
				ALWAYS_EMBED_SWIFT_STANDARD_LIBRARIES = YES;
				BUNDLE_LOADER = "$(TEST_HOST)";
				CODE_SIGN_STYLE = Automatic;
				INFOPLIST_FILE = 26_10_tabbarTests/Info.plist;
				IPHONEOS_DEPLOYMENT_TARGET = 14.0;
				LD_RUNPATH_SEARCH_PATHS = (
					"$(inherited)",
					"@executable_path/Frameworks",
					"@loader_path/Frameworks",
				);
				PRODUCT_BUNDLE_IDENTIFIER = "lestad.-6-10-tabbarTests";
				PRODUCT_NAME = "$(TARGET_NAME)";
				SWIFT_VERSION = 5.0;
				TARGETED_DEVICE_FAMILY = "1,2";
				TEST_HOST = "$(BUILT_PRODUCTS_DIR)/26_10_tabbar.app/26_10_tabbar";
			};
			name = Debug;
		};
		4CDA45CA25470A7B00978E83 /* Release */ = {
			isa = XCBuildConfiguration;
			buildSettings = {
				ALWAYS_EMBED_SWIFT_STANDARD_LIBRARIES = YES;
				BUNDLE_LOADER = "$(TEST_HOST)";
				CODE_SIGN_STYLE = Automatic;
				INFOPLIST_FILE = 26_10_tabbarTests/Info.plist;
				IPHONEOS_DEPLOYMENT_TARGET = 14.0;
				LD_RUNPATH_SEARCH_PATHS = (
					"$(inherited)",
					"@executable_path/Frameworks",
					"@loader_path/Frameworks",
				);
				PRODUCT_BUNDLE_IDENTIFIER = "lestad.-6-10-tabbarTests";
				PRODUCT_NAME = "$(TARGET_NAME)";
				SWIFT_VERSION = 5.0;
				TARGETED_DEVICE_FAMILY = "1,2";
				TEST_HOST = "$(BUILT_PRODUCTS_DIR)/26_10_tabbar.app/26_10_tabbar";
			};
			name = Release;
		};
		4CDA45CC25470A7B00978E83 /* Debug */ = {
			isa = XCBuildConfiguration;
			buildSettings = {
				ALWAYS_EMBED_SWIFT_STANDARD_LIBRARIES = YES;
				CODE_SIGN_STYLE = Automatic;
				INFOPLIST_FILE = 26_10_tabbarUITests/Info.plist;
				LD_RUNPATH_SEARCH_PATHS = (
					"$(inherited)",
					"@executable_path/Frameworks",
					"@loader_path/Frameworks",
				);
				PRODUCT_BUNDLE_IDENTIFIER = "lestad.-6-10-tabbarUITests";
				PRODUCT_NAME = "$(TARGET_NAME)";
				SWIFT_VERSION = 5.0;
				TARGETED_DEVICE_FAMILY = "1,2";
				TEST_TARGET_NAME = 26_10_tabbar;
			};
			name = Debug;
		};
		4CDA45CD25470A7B00978E83 /* Release */ = {
			isa = XCBuildConfiguration;
			buildSettings = {
				ALWAYS_EMBED_SWIFT_STANDARD_LIBRARIES = YES;
				CODE_SIGN_STYLE = Automatic;
				INFOPLIST_FILE = 26_10_tabbarUITests/Info.plist;
				LD_RUNPATH_SEARCH_PATHS = (
					"$(inherited)",
					"@executable_path/Frameworks",
					"@loader_path/Frameworks",
				);
				PRODUCT_BUNDLE_IDENTIFIER = "lestad.-6-10-tabbarUITests";
				PRODUCT_NAME = "$(TARGET_NAME)";
				SWIFT_VERSION = 5.0;
				TARGETED_DEVICE_FAMILY = "1,2";
				TEST_TARGET_NAME = 26_10_tabbar;
			};
			name = Release;
		};
/* End XCBuildConfiguration section */

/* Begin XCConfigurationList section */
		4CDA459625470A7700978E83 /* Build configuration list for PBXProject "26_10_tabbar" */ = {
			isa = XCConfigurationList;
			buildConfigurations = (
				4CDA45C325470A7B00978E83 /* Debug */,
				4CDA45C425470A7B00978E83 /* Release */,
			);
			defaultConfigurationIsVisible = 0;
			defaultConfigurationName = Release;
		};
		4CDA45C525470A7B00978E83 /* Build configuration list for PBXNativeTarget "26_10_tabbar" */ = {
			isa = XCConfigurationList;
			buildConfigurations = (
				4CDA45C625470A7B00978E83 /* Debug */,
				4CDA45C725470A7B00978E83 /* Release */,
			);
			defaultConfigurationIsVisible = 0;
			defaultConfigurationName = Release;
		};
		4CDA45C825470A7B00978E83 /* Build configuration list for PBXNativeTarget "26_10_tabbarTests" */ = {
			isa = XCConfigurationList;
			buildConfigurations = (
				4CDA45C925470A7B00978E83 /* Debug */,
				4CDA45CA25470A7B00978E83 /* Release */,
			);
			defaultConfigurationIsVisible = 0;
			defaultConfigurationName = Release;
		};
		4CDA45CB25470A7B00978E83 /* Build configuration list for PBXNativeTarget "26_10_tabbarUITests" */ = {
			isa = XCConfigurationList;
			buildConfigurations = (
				4CDA45CC25470A7B00978E83 /* Debug */,
				4CDA45CD25470A7B00978E83 /* Release */,
			);
			defaultConfigurationIsVisible = 0;
			defaultConfigurationName = Release;
		};
/* End XCConfigurationList section */
	};
	rootObject = 4CDA459325470A7700978E83 /* Project object */;
}
