// !$*UTF8*$!
{
	archiveVersion = 1;
	classes = {
	};
	objectVersion = 50;
	objects = {

/* Begin PBXBuildFile section */
		4CBF9952251E274C001D5138 /* AppDelegate.swift in Sources */ = {isa = PBXBuildFile; fileRef = 4CBF9951251E274C001D5138 /* AppDelegate.swift */; };
		4CBF9954251E274C001D5138 /* SceneDelegate.swift in Sources */ = {isa = PBXBuildFile; fileRef = 4CBF9953251E274C001D5138 /* SceneDelegate.swift */; };
		4CBF9956251E274C001D5138 /* ViewController.swift in Sources */ = {isa = PBXBuildFile; fileRef = 4CBF9955251E274C001D5138 /* ViewController.swift */; };
		4CBF9959251E274C001D5138 /* Main.storyboard in Resources */ = {isa = PBXBuildFile; fileRef = 4CBF9957251E274C001D5138 /* Main.storyboard */; };
		4CBF995B251E279C001D5138 /* Assets.xcassets in Resources */ = {isa = PBXBuildFile; fileRef = 4CBF995A251E279C001D5138 /* Assets.xcassets */; };
		4CBF995E251E279D001D5138 /* LaunchScreen.storyboard in Resources */ = {isa = PBXBuildFile; fileRef = 4CBF995C251E279D001D5138 /* LaunchScreen.storyboard */; };
		4CBF9969251E279D001D5138 /* TableView1Tests.swift in Sources */ = {isa = PBXBuildFile; fileRef = 4CBF9968251E279D001D5138 /* TableView1Tests.swift */; };
		4CBF9974251E279E001D5138 /* TableView1UITests.swift in Sources */ = {isa = PBXBuildFile; fileRef = 4CBF9973251E279E001D5138 /* TableView1UITests.swift */; };
/* End PBXBuildFile section */

/* Begin PBXContainerItemProxy section */
		4CBF9965251E279D001D5138 /* PBXContainerItemProxy */ = {
			isa = PBXContainerItemProxy;
			containerPortal = 4CBF9946251E274B001D5138 /* Project object */;
			proxyType = 1;
			remoteGlobalIDString = 4CBF994D251E274B001D5138;
			remoteInfo = TableView1;
		};
		4CBF9970251E279D001D5138 /* PBXContainerItemProxy */ = {
			isa = PBXContainerItemProxy;
			containerPortal = 4CBF9946251E274B001D5138 /* Project object */;
			proxyType = 1;
			remoteGlobalIDString = 4CBF994D251E274B001D5138;
			remoteInfo = TableView1;
		};
/* End PBXContainerItemProxy section */

/* Begin PBXFileReference section */
		4CBF994E251E274B001D5138 /* TableView1.app */ = {isa = PBXFileReference; explicitFileType = wrapper.application; includeInIndex = 0; path = TableView1.app; sourceTree = BUILT_PRODUCTS_DIR; };
		4CBF9951251E274C001D5138 /* AppDelegate.swift */ = {isa = PBXFileReference; lastKnownFileType = sourcecode.swift; path = AppDelegate.swift; sourceTree = "<group>"; };
		4CBF9953251E274C001D5138 /* SceneDelegate.swift */ = {isa = PBXFileReference; lastKnownFileType = sourcecode.swift; path = SceneDelegate.swift; sourceTree = "<group>"; };
		4CBF9955251E274C001D5138 /* ViewController.swift */ = {isa = PBXFileReference; lastKnownFileType = sourcecode.swift; path = ViewController.swift; sourceTree = "<group>"; };
		4CBF9958251E274C001D5138 /* Base */ = {isa = PBXFileReference; lastKnownFileType = file.storyboard; name = Base; path = Base.lproj/Main.storyboard; sourceTree = "<group>"; };
		4CBF995A251E279C001D5138 /* Assets.xcassets */ = {isa = PBXFileReference; lastKnownFileType = folder.assetcatalog; path = Assets.xcassets; sourceTree = "<group>"; };
		4CBF995D251E279D001D5138 /* Base */ = {isa = PBXFileReference; lastKnownFileType = file.storyboard; name = Base; path = Base.lproj/LaunchScreen.storyboard; sourceTree = "<group>"; };
		4CBF995F251E279D001D5138 /* Info.plist */ = {isa = PBXFileReference; lastKnownFileType = text.plist.xml; path = Info.plist; sourceTree = "<group>"; };
		4CBF9964251E279D001D5138 /* TableView1Tests.xctest */ = {isa = PBXFileReference; explicitFileType = wrapper.cfbundle; includeInIndex = 0; path = TableView1Tests.xctest; sourceTree = BUILT_PRODUCTS_DIR; };
		4CBF9968251E279D001D5138 /* TableView1Tests.swift */ = {isa = PBXFileReference; lastKnownFileType = sourcecode.swift; path = TableView1Tests.swift; sourceTree = "<group>"; };
		4CBF996A251E279D001D5138 /* Info.plist */ = {isa = PBXFileReference; lastKnownFileType = text.plist.xml; path = Info.plist; sourceTree = "<group>"; };
		4CBF996F251E279D001D5138 /* TableView1UITests.xctest */ = {isa = PBXFileReference; explicitFileType = wrapper.cfbundle; includeInIndex = 0; path = TableView1UITests.xctest; sourceTree = BUILT_PRODUCTS_DIR; };
		4CBF9973251E279E001D5138 /* TableView1UITests.swift */ = {isa = PBXFileReference; lastKnownFileType = sourcecode.swift; path = TableView1UITests.swift; sourceTree = "<group>"; };
		4CBF9975251E279E001D5138 /* Info.plist */ = {isa = PBXFileReference; lastKnownFileType = text.plist.xml; path = Info.plist; sourceTree = "<group>"; };
/* End PBXFileReference section */

/* Begin PBXFrameworksBuildPhase section */
		4CBF994B251E274B001D5138 /* Frameworks */ = {
			isa = PBXFrameworksBuildPhase;
			buildActionMask = 2147483647;
			files = (
			);
			runOnlyForDeploymentPostprocessing = 0;
		};
		4CBF9961251E279D001D5138 /* Frameworks */ = {
			isa = PBXFrameworksBuildPhase;
			buildActionMask = 2147483647;
			files = (
			);
			runOnlyForDeploymentPostprocessing = 0;
		};
		4CBF996C251E279D001D5138 /* Frameworks */ = {
			isa = PBXFrameworksBuildPhase;
			buildActionMask = 2147483647;
			files = (
			);
			runOnlyForDeploymentPostprocessing = 0;
		};
/* End PBXFrameworksBuildPhase section */

/* Begin PBXGroup section */
		4CBF9945251E274B001D5138 = {
			isa = PBXGroup;
			children = (
				4CBF9950251E274B001D5138 /* TableView1 */,
				4CBF9967251E279D001D5138 /* TableView1Tests */,
				4CBF9972251E279D001D5138 /* TableView1UITests */,
				4CBF994F251E274B001D5138 /* Products */,
			);
			sourceTree = "<group>";
		};
		4CBF994F251E274B001D5138 /* Products */ = {
			isa = PBXGroup;
			children = (
				4CBF994E251E274B001D5138 /* TableView1.app */,
				4CBF9964251E279D001D5138 /* TableView1Tests.xctest */,
				4CBF996F251E279D001D5138 /* TableView1UITests.xctest */,
			);
			name = Products;
			sourceTree = "<group>";
		};
		4CBF9950251E274B001D5138 /* TableView1 */ = {
			isa = PBXGroup;
			children = (
				4CBF9951251E274C001D5138 /* AppDelegate.swift */,
				4CBF9953251E274C001D5138 /* SceneDelegate.swift */,
				4CBF9955251E274C001D5138 /* ViewController.swift */,
				4CBF9957251E274C001D5138 /* Main.storyboard */,
				4CBF995A251E279C001D5138 /* Assets.xcassets */,
				4CBF995C251E279D001D5138 /* LaunchScreen.storyboard */,
				4CBF995F251E279D001D5138 /* Info.plist */,
			);
			path = TableView1;
			sourceTree = "<group>";
		};
		4CBF9967251E279D001D5138 /* TableView1Tests */ = {
			isa = PBXGroup;
			children = (
				4CBF9968251E279D001D5138 /* TableView1Tests.swift */,
				4CBF996A251E279D001D5138 /* Info.plist */,
			);
			path = TableView1Tests;
			sourceTree = "<group>";
		};
		4CBF9972251E279D001D5138 /* TableView1UITests */ = {
			isa = PBXGroup;
			children = (
				4CBF9973251E279E001D5138 /* TableView1UITests.swift */,
				4CBF9975251E279E001D5138 /* Info.plist */,
			);
			path = TableView1UITests;
			sourceTree = "<group>";
		};
/* End PBXGroup section */

/* Begin PBXNativeTarget section */
		4CBF994D251E274B001D5138 /* TableView1 */ = {
			isa = PBXNativeTarget;
			buildConfigurationList = 4CBF9978251E279E001D5138 /* Build configuration list for PBXNativeTarget "TableView1" */;
			buildPhases = (
				4CBF994A251E274B001D5138 /* Sources */,
				4CBF994B251E274B001D5138 /* Frameworks */,
				4CBF994C251E274B001D5138 /* Resources */,
			);
			buildRules = (
			);
			dependencies = (
			);
			name = TableView1;
			productName = TableView1;
			productReference = 4CBF994E251E274B001D5138 /* TableView1.app */;
			productType = "com.apple.product-type.application";
		};
		4CBF9963251E279D001D5138 /* TableView1Tests */ = {
			isa = PBXNativeTarget;
			buildConfigurationList = 4CBF997B251E279E001D5138 /* Build configuration list for PBXNativeTarget "TableView1Tests" */;
			buildPhases = (
				4CBF9960251E279D001D5138 /* Sources */,
				4CBF9961251E279D001D5138 /* Frameworks */,
				4CBF9962251E279D001D5138 /* Resources */,
			);
			buildRules = (
			);
			dependencies = (
				4CBF9966251E279D001D5138 /* PBXTargetDependency */,
			);
			name = TableView1Tests;
			productName = TableView1Tests;
			productReference = 4CBF9964251E279D001D5138 /* TableView1Tests.xctest */;
			productType = "com.apple.product-type.bundle.unit-test";
		};
		4CBF996E251E279D001D5138 /* TableView1UITests */ = {
			isa = PBXNativeTarget;
			buildConfigurationList = 4CBF997E251E279E001D5138 /* Build configuration list for PBXNativeTarget "TableView1UITests" */;
			buildPhases = (
				4CBF996B251E279D001D5138 /* Sources */,
				4CBF996C251E279D001D5138 /* Frameworks */,
				4CBF996D251E279D001D5138 /* Resources */,
			);
			buildRules = (
			);
			dependencies = (
				4CBF9971251E279D001D5138 /* PBXTargetDependency */,
			);
			name = TableView1UITests;
			productName = TableView1UITests;
			productReference = 4CBF996F251E279D001D5138 /* TableView1UITests.xctest */;
			productType = "com.apple.product-type.bundle.ui-testing";
		};
/* End PBXNativeTarget section */

/* Begin PBXProject section */
		4CBF9946251E274B001D5138 /* Project object */ = {
			isa = PBXProject;
			attributes = {
				LastSwiftUpdateCheck = 1200;
				LastUpgradeCheck = 1200;
				TargetAttributes = {
					4CBF994D251E274B001D5138 = {
						CreatedOnToolsVersion = 12.0;
					};
					4CBF9963251E279D001D5138 = {
						CreatedOnToolsVersion = 12.0;
						TestTargetID = 4CBF994D251E274B001D5138;
					};
					4CBF996E251E279D001D5138 = {
						CreatedOnToolsVersion = 12.0;
						TestTargetID = 4CBF994D251E274B001D5138;
					};
				};
			};
			buildConfigurationList = 4CBF9949251E274B001D5138 /* Build configuration list for PBXProject "TableView1" */;
			compatibilityVersion = "Xcode 9.3";
			developmentRegion = en;
			hasScannedForEncodings = 0;
			knownRegions = (
				en,
				Base,
			);
			mainGroup = 4CBF9945251E274B001D5138;
			productRefGroup = 4CBF994F251E274B001D5138 /* Products */;
			projectDirPath = "";
			projectRoot = "";
			targets = (
				4CBF994D251E274B001D5138 /* TableView1 */,
				4CBF9963251E279D001D5138 /* TableView1Tests */,
				4CBF996E251E279D001D5138 /* TableView1UITests */,
			);
		};
/* End PBXProject section */

/* Begin PBXResourcesBuildPhase section */
		4CBF994C251E274B001D5138 /* Resources */ = {
			isa = PBXResourcesBuildPhase;
			buildActionMask = 2147483647;
			files = (
				4CBF995E251E279D001D5138 /* LaunchScreen.storyboard in Resources */,
				4CBF995B251E279C001D5138 /* Assets.xcassets in Resources */,
				4CBF9959251E274C001D5138 /* Main.storyboard in Resources */,
			);
			runOnlyForDeploymentPostprocessing = 0;
		};
		4CBF9962251E279D001D5138 /* Resources */ = {
			isa = PBXResourcesBuildPhase;
			buildActionMask = 2147483647;
			files = (
			);
			runOnlyForDeploymentPostprocessing = 0;
		};
		4CBF996D251E279D001D5138 /* Resources */ = {
			isa = PBXResourcesBuildPhase;
			buildActionMask = 2147483647;
			files = (
			);
			runOnlyForDeploymentPostprocessing = 0;
		};
/* End PBXResourcesBuildPhase section */

/* Begin PBXSourcesBuildPhase section */
		4CBF994A251E274B001D5138 /* Sources */ = {
			isa = PBXSourcesBuildPhase;
			buildActionMask = 2147483647;
			files = (
				4CBF9956251E274C001D5138 /* ViewController.swift in Sources */,
				4CBF9952251E274C001D5138 /* AppDelegate.swift in Sources */,
				4CBF9954251E274C001D5138 /* SceneDelegate.swift in Sources */,
			);
			runOnlyForDeploymentPostprocessing = 0;
		};
		4CBF9960251E279D001D5138 /* Sources */ = {
			isa = PBXSourcesBuildPhase;
			buildActionMask = 2147483647;
			files = (
				4CBF9969251E279D001D5138 /* TableView1Tests.swift in Sources */,
			);
			runOnlyForDeploymentPostprocessing = 0;
		};
		4CBF996B251E279D001D5138 /* Sources */ = {
			isa = PBXSourcesBuildPhase;
			buildActionMask = 2147483647;
			files = (
				4CBF9974251E279E001D5138 /* TableView1UITests.swift in Sources */,
			);
			runOnlyForDeploymentPostprocessing = 0;
		};
/* End PBXSourcesBuildPhase section */

/* Begin PBXTargetDependency section */
		4CBF9966251E279D001D5138 /* PBXTargetDependency */ = {
			isa = PBXTargetDependency;
			target = 4CBF994D251E274B001D5138 /* TableView1 */;
			targetProxy = 4CBF9965251E279D001D5138 /* PBXContainerItemProxy */;
		};
		4CBF9971251E279D001D5138 /* PBXTargetDependency */ = {
			isa = PBXTargetDependency;
			target = 4CBF994D251E274B001D5138 /* TableView1 */;
			targetProxy = 4CBF9970251E279D001D5138 /* PBXContainerItemProxy */;
		};
/* End PBXTargetDependency section */

/* Begin PBXVariantGroup section */
		4CBF9957251E274C001D5138 /* Main.storyboard */ = {
			isa = PBXVariantGroup;
			children = (
				4CBF9958251E274C001D5138 /* Base */,
			);
			name = Main.storyboard;
			sourceTree = "<group>";
		};
		4CBF995C251E279D001D5138 /* LaunchScreen.storyboard */ = {
			isa = PBXVariantGroup;
			children = (
				4CBF995D251E279D001D5138 /* Base */,
			);
			name = LaunchScreen.storyboard;
			sourceTree = "<group>";
		};
/* End PBXVariantGroup section */

/* Begin XCBuildConfiguration section */
		4CBF9976251E279E001D5138 /* Debug */ = {
			isa = XCBuildConfiguration;
			buildSettings = {
				ALWAYS_SEARCH_USER_PATHS = NO;
				CLANG_ANALYZER_NONNULL = YES;
				CLANG_ANALYZER_NUMBER_OBJECT_CONVERSION = YES_AGGRESSIVE;
				CLANG_CXX_LANGUAGE_STANDARD = "gnu++14";
				CLANG_CXX_LIBRARY = "libc++";
				CLANG_ENABLE_MODULES = YES;
				CLANG_ENABLE_OBJC_ARC = YES;
				CLANG_ENABLE_OBJC_WEAK = YES;
				CLANG_WARN_BLOCK_CAPTURE_AUTORELEASING = YES;
				CLANG_WARN_BOOL_CONVERSION = YES;
				CLANG_WARN_COMMA = YES;
				CLANG_WARN_CONSTANT_CONVERSION = YES;
				CLANG_WARN_DEPRECATED_OBJC_IMPLEMENTATIONS = YES;
				CLANG_WARN_DIRECT_OBJC_ISA_USAGE = YES_ERROR;
				CLANG_WARN_DOCUMENTATION_COMMENTS = YES;
				CLANG_WARN_EMPTY_BODY = YES;
				CLANG_WARN_ENUM_CONVERSION = YES;
				CLANG_WARN_INFINITE_RECURSION = YES;
				CLANG_WARN_INT_CONVERSION = YES;
				CLANG_WARN_NON_LITERAL_NULL_CONVERSION = YES;
				CLANG_WARN_OBJC_IMPLICIT_RETAIN_SELF = YES;
				CLANG_WARN_OBJC_LITERAL_CONVERSION = YES;
				CLANG_WARN_OBJC_ROOT_CLASS = YES_ERROR;
				CLANG_WARN_QUOTED_INCLUDE_IN_FRAMEWORK_HEADER = YES;
				CLANG_WARN_RANGE_LOOP_ANALYSIS = YES;
				CLANG_WARN_STRICT_PROTOTYPES = YES;
				CLANG_WARN_SUSPICIOUS_MOVE = YES;
				CLANG_WARN_UNGUARDED_AVAILABILITY = YES_AGGRESSIVE;
				CLANG_WARN_UNREACHABLE_CODE = YES;
				CLANG_WARN__DUPLICATE_METHOD_MATCH = YES;
				COPY_PHASE_STRIP = NO;
				DEBUG_INFORMATION_FORMAT = dwarf;
				ENABLE_STRICT_OBJC_MSGSEND = YES;
				ENABLE_TESTABILITY = YES;
				GCC_C_LANGUAGE_STANDARD = gnu11;
				GCC_DYNAMIC_NO_PIC = NO;
				GCC_NO_COMMON_BLOCKS = YES;
				GCC_OPTIMIZATION_LEVEL = 0;
				GCC_PREPROCESSOR_DEFINITIONS = (
					"DEBUG=1",
					"$(inherited)",
				);
				GCC_WARN_64_TO_32_BIT_CONVERSION = YES;
				GCC_WARN_ABOUT_RETURN_TYPE = YES_ERROR;
				GCC_WARN_UNDECLARED_SELECTOR = YES;
				GCC_WARN_UNINITIALIZED_AUTOS = YES_AGGRESSIVE;
				GCC_WARN_UNUSED_FUNCTION = YES;
				GCC_WARN_UNUSED_VARIABLE = YES;
				IPHONEOS_DEPLOYMENT_TARGET = 14.0;
				MTL_ENABLE_DEBUG_INFO = INCLUDE_SOURCE;
				MTL_FAST_MATH = YES;
				ONLY_ACTIVE_ARCH = YES;
				SDKROOT = iphoneos;
				SWIFT_ACTIVE_COMPILATION_CONDITIONS = DEBUG;
				SWIFT_OPTIMIZATION_LEVEL = "-Onone";
			};
			name = Debug;
		};
		4CBF9977251E279E001D5138 /* Release */ = {
			isa = XCBuildConfiguration;
			buildSettings = {
				ALWAYS_SEARCH_USER_PATHS = NO;
				CLANG_ANALYZER_NONNULL = YES;
				CLANG_ANALYZER_NUMBER_OBJECT_CONVERSION = YES_AGGRESSIVE;
				CLANG_CXX_LANGUAGE_STANDARD = "gnu++14";
				CLANG_CXX_LIBRARY = "libc++";
				CLANG_ENABLE_MODULES = YES;
				CLANG_ENABLE_OBJC_ARC = YES;
				CLANG_ENABLE_OBJC_WEAK = YES;
				CLANG_WARN_BLOCK_CAPTURE_AUTORELEASING = YES;
				CLANG_WARN_BOOL_CONVERSION = YES;
				CLANG_WARN_COMMA = YES;
				CLANG_WARN_CONSTANT_CONVERSION = YES;
				CLANG_WARN_DEPRECATED_OBJC_IMPLEMENTATIONS = YES;
				CLANG_WARN_DIRECT_OBJC_ISA_USAGE = YES_ERROR;
				CLANG_WARN_DOCUMENTATION_COMMENTS = YES;
				CLANG_WARN_EMPTY_BODY = YES;
				CLANG_WARN_ENUM_CONVERSION = YES;
				CLANG_WARN_INFINITE_RECURSION = YES;
				CLANG_WARN_INT_CONVERSION = YES;
				CLANG_WARN_NON_LITERAL_NULL_CONVERSION = YES;
				CLANG_WARN_OBJC_IMPLICIT_RETAIN_SELF = YES;
				CLANG_WARN_OBJC_LITERAL_CONVERSION = YES;
				CLANG_WARN_OBJC_ROOT_CLASS = YES_ERROR;
				CLANG_WARN_QUOTED_INCLUDE_IN_FRAMEWORK_HEADER = YES;
				CLANG_WARN_RANGE_LOOP_ANALYSIS = YES;
				CLANG_WARN_STRICT_PROTOTYPES = YES;
				CLANG_WARN_SUSPICIOUS_MOVE = YES;
				CLANG_WARN_UNGUARDED_AVAILABILITY = YES_AGGRESSIVE;
				CLANG_WARN_UNREACHABLE_CODE = YES;
				CLANG_WARN__DUPLICATE_METHOD_MATCH = YES;
				COPY_PHASE_STRIP = NO;
				DEBUG_INFORMATION_FORMAT = "dwarf-with-dsym";
				ENABLE_NS_ASSERTIONS = NO;
				ENABLE_STRICT_OBJC_MSGSEND = YES;
				GCC_C_LANGUAGE_STANDARD = gnu11;
				GCC_NO_COMMON_BLOCKS = YES;
				GCC_WARN_64_TO_32_BIT_CONVERSION = YES;
				GCC_WARN_ABOUT_RETURN_TYPE = YES_ERROR;
				GCC_WARN_UNDECLARED_SELECTOR = YES;
				GCC_WARN_UNINITIALIZED_AUTOS = YES_AGGRESSIVE;
				GCC_WARN_UNUSED_FUNCTION = YES;
				GCC_WARN_UNUSED_VARIABLE = YES;
				IPHONEOS_DEPLOYMENT_TARGET = 14.0;
				MTL_ENABLE_DEBUG_INFO = NO;
				MTL_FAST_MATH = YES;
				SDKROOT = iphoneos;
				SWIFT_COMPILATION_MODE = wholemodule;
				SWIFT_OPTIMIZATION_LEVEL = "-O";
				VALIDATE_PRODUCT = YES;
			};
			name = Release;
		};
		4CBF9979251E279E001D5138 /* Debug */ = {
			isa = XCBuildConfiguration;
			buildSettings = {
				ASSETCATALOG_COMPILER_APPICON_NAME = AppIcon;
				ASSETCATALOG_COMPILER_GLOBAL_ACCENT_COLOR_NAME = AccentColor;
				CODE_SIGN_STYLE = Automatic;
				INFOPLIST_FILE = TableView1/Info.plist;
				LD_RUNPATH_SEARCH_PATHS = (
					"$(inherited)",
					"@executable_path/Frameworks",
				);
				PRODUCT_BUNDLE_IDENTIFIER = lestad.TableView1;
				PRODUCT_NAME = "$(TARGET_NAME)";
				SWIFT_VERSION = 5.0;
				TARGETED_DEVICE_FAMILY = "1,2";
			};
			name = Debug;
		};
		4CBF997A251E279E001D5138 /* Release */ = {
			isa = XCBuildConfiguration;
			buildSettings = {
				ASSETCATALOG_COMPILER_APPICON_NAME = AppIcon;
				ASSETCATALOG_COMPILER_GLOBAL_ACCENT_COLOR_NAME = AccentColor;
				CODE_SIGN_STYLE = Automatic;
				INFOPLIST_FILE = TableView1/Info.plist;
				LD_RUNPATH_SEARCH_PATHS = (
					"$(inherited)",
					"@executable_path/Frameworks",
				);
				PRODUCT_BUNDLE_IDENTIFIER = lestad.TableView1;
				PRODUCT_NAME = "$(TARGET_NAME)";
				SWIFT_VERSION = 5.0;
				TARGETED_DEVICE_FAMILY = "1,2";
			};
			name = Release;
		};
		4CBF997C251E279E001D5138 /* Debug */ = {
			isa = XCBuildConfiguration;
			buildSettings = {
				ALWAYS_EMBED_SWIFT_STANDARD_LIBRARIES = YES;
				BUNDLE_LOADER = "$(TEST_HOST)";
				CODE_SIGN_STYLE = Automatic;
				INFOPLIST_FILE = TableView1Tests/Info.plist;
				IPHONEOS_DEPLOYMENT_TARGET = 14.0;
				LD_RUNPATH_SEARCH_PATHS = (
					"$(inherited)",
					"@executable_path/Frameworks",
					"@loader_path/Frameworks",
				);
				PRODUCT_BUNDLE_IDENTIFIER = lestad.TableView1Tests;
				PRODUCT_NAME = "$(TARGET_NAME)";
				SWIFT_VERSION = 5.0;
				TARGETED_DEVICE_FAMILY = "1,2";
				TEST_HOST = "$(BUILT_PRODUCTS_DIR)/TableView1.app/TableView1";
			};
			name = Debug;
		};
		4CBF997D251E279E001D5138 /* Release */ = {
			isa = XCBuildConfiguration;
			buildSettings = {
				ALWAYS_EMBED_SWIFT_STANDARD_LIBRARIES = YES;
				BUNDLE_LOADER = "$(TEST_HOST)";
				CODE_SIGN_STYLE = Automatic;
				INFOPLIST_FILE = TableView1Tests/Info.plist;
				IPHONEOS_DEPLOYMENT_TARGET = 14.0;
				LD_RUNPATH_SEARCH_PATHS = (
					"$(inherited)",
					"@executable_path/Frameworks",
					"@loader_path/Frameworks",
				);
				PRODUCT_BUNDLE_IDENTIFIER = lestad.TableView1Tests;
				PRODUCT_NAME = "$(TARGET_NAME)";
				SWIFT_VERSION = 5.0;
				TARGETED_DEVICE_FAMILY = "1,2";
				TEST_HOST = "$(BUILT_PRODUCTS_DIR)/TableView1.app/TableView1";
			};
			name = Release;
		};
		4CBF997F251E279E001D5138 /* Debug */ = {
			isa = XCBuildConfiguration;
			buildSettings = {
				ALWAYS_EMBED_SWIFT_STANDARD_LIBRARIES = YES;
				CODE_SIGN_STYLE = Automatic;
				INFOPLIST_FILE = TableView1UITests/Info.plist;
				LD_RUNPATH_SEARCH_PATHS = (
					"$(inherited)",
					"@executable_path/Frameworks",
					"@loader_path/Frameworks",
				);
				PRODUCT_BUNDLE_IDENTIFIER = lestad.TableView1UITests;
				PRODUCT_NAME = "$(TARGET_NAME)";
				SWIFT_VERSION = 5.0;
				TARGETED_DEVICE_FAMILY = "1,2";
				TEST_TARGET_NAME = TableView1;
			};
			name = Debug;
		};
		4CBF9980251E279E001D5138 /* Release */ = {
			isa = XCBuildConfiguration;
			buildSettings = {
				ALWAYS_EMBED_SWIFT_STANDARD_LIBRARIES = YES;
				CODE_SIGN_STYLE = Automatic;
				INFOPLIST_FILE = TableView1UITests/Info.plist;
				LD_RUNPATH_SEARCH_PATHS = (
					"$(inherited)",
					"@executable_path/Frameworks",
					"@loader_path/Frameworks",
				);
				PRODUCT_BUNDLE_IDENTIFIER = lestad.TableView1UITests;
				PRODUCT_NAME = "$(TARGET_NAME)";
				SWIFT_VERSION = 5.0;
				TARGETED_DEVICE_FAMILY = "1,2";
				TEST_TARGET_NAME = TableView1;
			};
			name = Release;
		};
/* End XCBuildConfiguration section */

/* Begin XCConfigurationList section */
		4CBF9949251E274B001D5138 /* Build configuration list for PBXProject "TableView1" */ = {
			isa = XCConfigurationList;
			buildConfigurations = (
				4CBF9976251E279E001D5138 /* Debug */,
				4CBF9977251E279E001D5138 /* Release */,
			);
			defaultConfigurationIsVisible = 0;
			defaultConfigurationName = Release;
		};
		4CBF9978251E279E001D5138 /* Build configuration list for PBXNativeTarget "TableView1" */ = {
			isa = XCConfigurationList;
			buildConfigurations = (
				4CBF9979251E279E001D5138 /* Debug */,
				4CBF997A251E279E001D5138 /* Release */,
			);
			defaultConfigurationIsVisible = 0;
			defaultConfigurationName = Release;
		};
		4CBF997B251E279E001D5138 /* Build configuration list for PBXNativeTarget "TableView1Tests" */ = {
			isa = XCConfigurationList;
			buildConfigurations = (
				4CBF997C251E279E001D5138 /* Debug */,
				4CBF997D251E279E001D5138 /* Release */,
			);
			defaultConfigurationIsVisible = 0;
			defaultConfigurationName = Release;
		};
		4CBF997E251E279E001D5138 /* Build configuration list for PBXNativeTarget "TableView1UITests" */ = {
			isa = XCConfigurationList;
			buildConfigurations = (
				4CBF997F251E279E001D5138 /* Debug */,
				4CBF9980251E279E001D5138 /* Release */,
			);
			defaultConfigurationIsVisible = 0;
			defaultConfigurationName = Release;
		};
/* End XCConfigurationList section */
	};
	rootObject = 4CBF9946251E274B001D5138 /* Project object */;
}
